// !$*UTF8*$!
{
	archiveVersion = 1;
	classes = {
	};
	objectVersion = 50;
	objects = {

/* Begin PBXBuildFile section */
		340C78AF2144F3AE003F3676 /* Game_List.swift in Sources */ = {isa = PBXBuildFile; fileRef = 340C78AE2144F3AE003F3676 /* Game_List.swift */; };
		340C78B9214506F5003F3676 /* back_default.png in Resources */ = {isa = PBXBuildFile; fileRef = 340C78B8214506F5003F3676 /* back_default.png */; };
		34138EB121456E8D00F8F8F4 /* Message_cell.swift in Sources */ = {isa = PBXBuildFile; fileRef = 34138EB021456E8C00F8F8F4 /* Message_cell.swift */; };
		349C4A1421443F2E003445C8 /* Main_card.swift in Sources */ = {isa = PBXBuildFile; fileRef = 349C4A1321443F2E003445C8 /* Main_card.swift */; };
		349C4A162144419F003445C8 /* Main_cell.swift in Sources */ = {isa = PBXBuildFile; fileRef = 349C4A152144419F003445C8 /* Main_cell.swift */; };
		34FF49442142685F0043EF1B /* AnimUtils.swift in Sources */ = {isa = PBXBuildFile; fileRef = 34FF49432142685F0043EF1B /* AnimUtils.swift */; };
		34FF4946214268640043EF1B /* AppDelegate.swift in Sources */ = {isa = PBXBuildFile; fileRef = 34FF4945214268640043EF1B /* AppDelegate.swift */; };
		34FF494B2142687A0043EF1B /* Popular.swift in Sources */ = {isa = PBXBuildFile; fileRef = 34FF4947214268790043EF1B /* Popular.swift */; };
		34FF494E2142687A0043EF1B /* Settings.swift in Sources */ = {isa = PBXBuildFile; fileRef = 34FF494A2142687A0043EF1B /* Settings.swift */; };
		34FF4951214268830043EF1B /* Profile_Setting.swift in Sources */ = {isa = PBXBuildFile; fileRef = 34FF494F214268830043EF1B /* Profile_Setting.swift */; };
		34FF4952214268830043EF1B /* Login.swift in Sources */ = {isa = PBXBuildFile; fileRef = 34FF4950214268830043EF1B /* Login.swift */; };
		34FF4955214268930043EF1B /* Loading.storyboard in Resources */ = {isa = PBXBuildFile; fileRef = 34FF4953214268930043EF1B /* Loading.storyboard */; };
		34FF4956214268930043EF1B /* Main.storyboard in Resources */ = {isa = PBXBuildFile; fileRef = 34FF4954214268930043EF1B /* Main.storyboard */; };
		34FF49602142AF270043EF1B /* FBSDKCoreKit.framework in Frameworks */ = {isa = PBXBuildFile; fileRef = 34FF495E2142AF260043EF1B /* FBSDKCoreKit.framework */; };
		34FF49612142AF270043EF1B /* FBSDKLoginKit.framework in Frameworks */ = {isa = PBXBuildFile; fileRef = 34FF495F2142AF260043EF1B /* FBSDKLoginKit.framework */; };
		34FF49632142B1350043EF1B /* GoogleService-Info.plist in Resources */ = {isa = PBXBuildFile; fileRef = 34FF49622142B1350043EF1B /* GoogleService-Info.plist */; };
		34FF49662142B6260043EF1B /* Bolts.framework in Frameworks */ = {isa = PBXBuildFile; fileRef = 34FF49652142B6260043EF1B /* Bolts.framework */; };
		34FF49742142B70F0043EF1B /* Login.jpeg in Resources */ = {isa = PBXBuildFile; fileRef = 34FF49712142B70F0043EF1B /* Login.jpeg */; };
		34FF497C2142B7290043EF1B /* FB.png in Resources */ = {isa = PBXBuildFile; fileRef = 34FF49772142B7280043EF1B /* FB.png */; };
		34FF497E2142B7290043EF1B /* FBlogo.png in Resources */ = {isa = PBXBuildFile; fileRef = 34FF49792142B7290043EF1B /* FBlogo.png */; };
		34FF498D2142B8AF0043EF1B /* Edit.png in Resources */ = {isa = PBXBuildFile; fileRef = 34FF498A2142B8AF0043EF1B /* Edit.png */; };
		34FF498E2142B8AF0043EF1B /* Camera.png in Resources */ = {isa = PBXBuildFile; fileRef = 34FF498B2142B8AF0043EF1B /* Camera.png */; };
		34FF498F2142B8AF0043EF1B /* Logo_white.png in Resources */ = {isa = PBXBuildFile; fileRef = 34FF498C2142B8AF0043EF1B /* Logo_white.png */; };
		34FF49922142B8BA0043EF1B /* front_default.png in Resources */ = {isa = PBXBuildFile; fileRef = 34FF49902142B8BA0043EF1B /* front_default.png */; };
		57E85349886153C549C6A9FB /* Pods_GamePicker.framework in Frameworks */ = {isa = PBXBuildFile; fileRef = 7BB1EEC452AB9D7047168F03 /* Pods_GamePicker.framework */; };
		D9331AAF2153C4D30025C759 /* Assets.xcassets in Resources */ = {isa = PBXBuildFile; fileRef = D9331AAE2153C4D20025C759 /* Assets.xcassets */; };
		D9A13F9E2150F88F000FBBAD /* Com_card.swift in Sources */ = {isa = PBXBuildFile; fileRef = D9A13F9D2150F88F000FBBAD /* Com_card.swift */; };
		D9A13FA021515EF3000FBBAD /* Com_cell.swift in Sources */ = {isa = PBXBuildFile; fileRef = D9A13F9F21515EF3000FBBAD /* Com_cell.swift */; };
		D9A13FA52151EF7A000FBBAD /* Com_table.swift in Sources */ = {isa = PBXBuildFile; fileRef = D9A13FA42151EF7A000FBBAD /* Com_table.swift */; };
		D9B22D362152C26300622204 /* Com_table_cell.swift in Sources */ = {isa = PBXBuildFile; fileRef = D9B22D352152C26300622204 /* Com_table_cell.swift */; };
/* End PBXBuildFile section */

/* Begin PBXFileReference section */
		1672F286A82ED2EE47319908 /* Pods-GamePicker.release.xcconfig */ = {isa = PBXFileReference; includeInIndex = 1; lastKnownFileType = text.xcconfig; name = "Pods-GamePicker.release.xcconfig"; path = "Pods/Target Support Files/Pods-GamePicker/Pods-GamePicker.release.xcconfig"; sourceTree = "<group>"; };
		340C78AE2144F3AE003F3676 /* Game_List.swift */ = {isa = PBXFileReference; lastKnownFileType = sourcecode.swift; path = Game_List.swift; sourceTree = "<group>"; };
		340C78B8214506F5003F3676 /* back_default.png */ = {isa = PBXFileReference; lastKnownFileType = image.png; path = back_default.png; sourceTree = "<group>"; };
		34138EB021456E8C00F8F8F4 /* Message_cell.swift */ = {isa = PBXFileReference; fileEncoding = 4; lastKnownFileType = sourcecode.swift; path = Message_cell.swift; sourceTree = "<group>"; };
		349C4A1321443F2E003445C8 /* Main_card.swift */ = {isa = PBXFileReference; lastKnownFileType = sourcecode.swift; path = Main_card.swift; sourceTree = "<group>"; };
		349C4A152144419F003445C8 /* Main_cell.swift */ = {isa = PBXFileReference; lastKnownFileType = sourcecode.swift; path = Main_cell.swift; sourceTree = "<group>"; };
		34FF48FF214266D20043EF1B /* GamePicker.app */ = {isa = PBXFileReference; explicitFileType = wrapper.application; includeInIndex = 0; path = GamePicker.app; sourceTree = BUILT_PRODUCTS_DIR; };
		34FF49432142685F0043EF1B /* AnimUtils.swift */ = {isa = PBXFileReference; fileEncoding = 4; lastKnownFileType = sourcecode.swift; path = AnimUtils.swift; sourceTree = "<group>"; };
		34FF4945214268640043EF1B /* AppDelegate.swift */ = {isa = PBXFileReference; fileEncoding = 4; lastKnownFileType = sourcecode.swift; path = AppDelegate.swift; sourceTree = "<group>"; };
		34FF4947214268790043EF1B /* Popular.swift */ = {isa = PBXFileReference; fileEncoding = 4; lastKnownFileType = sourcecode.swift; path = Popular.swift; sourceTree = "<group>"; };
		34FF494A2142687A0043EF1B /* Settings.swift */ = {isa = PBXFileReference; fileEncoding = 4; lastKnownFileType = sourcecode.swift; path = Settings.swift; sourceTree = "<group>"; };
		34FF494F214268830043EF1B /* Profile_Setting.swift */ = {isa = PBXFileReference; fileEncoding = 4; lastKnownFileType = sourcecode.swift; path = Profile_Setting.swift; sourceTree = "<group>"; };
		34FF4950214268830043EF1B /* Login.swift */ = {isa = PBXFileReference; fileEncoding = 4; lastKnownFileType = sourcecode.swift; path = Login.swift; sourceTree = "<group>"; };
		34FF4953214268930043EF1B /* Loading.storyboard */ = {isa = PBXFileReference; fileEncoding = 4; lastKnownFileType = file.storyboard; path = Loading.storyboard; sourceTree = "<group>"; };
		34FF4954214268930043EF1B /* Main.storyboard */ = {isa = PBXFileReference; fileEncoding = 4; lastKnownFileType = file.storyboard; path = Main.storyboard; sourceTree = "<group>"; };
		34FF495A214268DF0043EF1B /* Info.plist */ = {isa = PBXFileReference; fileEncoding = 4; lastKnownFileType = text.plist.xml; path = Info.plist; sourceTree = "<group>"; };
		34FF495E2142AF260043EF1B /* FBSDKCoreKit.framework */ = {isa = PBXFileReference; lastKnownFileType = wrapper.framework; path = FBSDKCoreKit.framework; sourceTree = "<group>"; };
		34FF495F2142AF260043EF1B /* FBSDKLoginKit.framework */ = {isa = PBXFileReference; lastKnownFileType = wrapper.framework; path = FBSDKLoginKit.framework; sourceTree = "<group>"; };
		34FF49622142B1350043EF1B /* GoogleService-Info.plist */ = {isa = PBXFileReference; fileEncoding = 4; lastKnownFileType = text.plist.xml; path = "GoogleService-Info.plist"; sourceTree = "<group>"; };
		34FF49652142B6260043EF1B /* Bolts.framework */ = {isa = PBXFileReference; lastKnownFileType = wrapper.framework; path = Bolts.framework; sourceTree = "<group>"; };
		34FF49712142B70F0043EF1B /* Login.jpeg */ = {isa = PBXFileReference; lastKnownFileType = image.jpeg; name = Login.jpeg; path = GamePicker/Resource/Login/Login.jpeg; sourceTree = SOURCE_ROOT; };
		34FF49772142B7280043EF1B /* FB.png */ = {isa = PBXFileReference; lastKnownFileType = image.png; name = FB.png; path = GamePicker/Resource/Login/FB.png; sourceTree = SOURCE_ROOT; };
		34FF49792142B7290043EF1B /* FBlogo.png */ = {isa = PBXFileReference; lastKnownFileType = image.png; name = FBlogo.png; path = GamePicker/Resource/Login/FBlogo.png; sourceTree = SOURCE_ROOT; };
		34FF498A2142B8AF0043EF1B /* Edit.png */ = {isa = PBXFileReference; lastKnownFileType = image.png; path = Edit.png; sourceTree = "<group>"; };
		34FF498B2142B8AF0043EF1B /* Camera.png */ = {isa = PBXFileReference; lastKnownFileType = image.png; path = Camera.png; sourceTree = "<group>"; };
		34FF498C2142B8AF0043EF1B /* Logo_white.png */ = {isa = PBXFileReference; lastKnownFileType = image.png; path = Logo_white.png; sourceTree = "<group>"; };
		34FF49902142B8BA0043EF1B /* front_default.png */ = {isa = PBXFileReference; lastKnownFileType = image.png; path = front_default.png; sourceTree = "<group>"; };
		7BB1EEC452AB9D7047168F03 /* Pods_GamePicker.framework */ = {isa = PBXFileReference; explicitFileType = wrapper.framework; includeInIndex = 0; path = Pods_GamePicker.framework; sourceTree = BUILT_PRODUCTS_DIR; };
		8108C77201ECB1DC63FA09D7 /* Pods-GamePicker.debug.xcconfig */ = {isa = PBXFileReference; includeInIndex = 1; lastKnownFileType = text.xcconfig; name = "Pods-GamePicker.debug.xcconfig"; path = "Pods/Target Support Files/Pods-GamePicker/Pods-GamePicker.debug.xcconfig"; sourceTree = "<group>"; };
		D9331AAE2153C4D20025C759 /* Assets.xcassets */ = {isa = PBXFileReference; lastKnownFileType = folder.assetcatalog; path = Assets.xcassets; sourceTree = "<group>"; };
		D9A13F9D2150F88F000FBBAD /* Com_card.swift */ = {isa = PBXFileReference; lastKnownFileType = sourcecode.swift; path = Com_card.swift; sourceTree = "<group>"; };
		D9A13F9F21515EF3000FBBAD /* Com_cell.swift */ = {isa = PBXFileReference; lastKnownFileType = sourcecode.swift; path = Com_cell.swift; sourceTree = "<group>"; };
		D9A13FA42151EF7A000FBBAD /* Com_table.swift */ = {isa = PBXFileReference; lastKnownFileType = sourcecode.swift; path = Com_table.swift; sourceTree = "<group>"; };
		D9B22D352152C26300622204 /* Com_table_cell.swift */ = {isa = PBXFileReference; lastKnownFileType = sourcecode.swift; path = Com_table_cell.swift; sourceTree = "<group>"; };
/* End PBXFileReference section */

/* Begin PBXFrameworksBuildPhase section */
		34FF48FC214266D20043EF1B /* Frameworks */ = {
			isa = PBXFrameworksBuildPhase;
			buildActionMask = 2147483647;
			files = (
				34FF49612142AF270043EF1B /* FBSDKLoginKit.framework in Frameworks */,
				34FF49602142AF270043EF1B /* FBSDKCoreKit.framework in Frameworks */,
				57E85349886153C549C6A9FB /* Pods_GamePicker.framework in Frameworks */,
				34FF49662142B6260043EF1B /* Bolts.framework in Frameworks */,
			);
			runOnlyForDeploymentPostprocessing = 0;
		};
/* End PBXFrameworksBuildPhase section */

/* Begin PBXGroup section */
		340C78AB2144EF27003F3676 /* Popular */ = {
			isa = PBXGroup;
			children = (
				34FF4947214268790043EF1B /* Popular.swift */,
				340C78AE2144F3AE003F3676 /* Game_List.swift */,
			);
			path = Popular;
			sourceTree = "<group>";
		};
		34924FC62143C0730088023E /* Main */ = {
			isa = PBXGroup;
			children = (
				349C4A1321443F2E003445C8 /* Main_card.swift */,
				349C4A152144419F003445C8 /* Main_cell.swift */,
			);
			path = Main;
			sourceTree = "<group>";
		};
		34FF48F6214266D20043EF1B = {
			isa = PBXGroup;
			children = (
				34FF4901214266D20043EF1B /* GamePicker */,
				34FF4900214266D20043EF1B /* Products */,
				A0C7A287676DC39F5E8CF56D /* Pods */,
				7F7733CA608B5BB2D92E184A /* Frameworks */,
			);
			sourceTree = "<group>";
		};
		34FF4900214266D20043EF1B /* Products */ = {
			isa = PBXGroup;
			children = (
				34FF48FF214266D20043EF1B /* GamePicker.app */,
			);
			name = Products;
			sourceTree = "<group>";
		};
		34FF4901214266D20043EF1B /* GamePicker */ = {
			isa = PBXGroup;
			children = (
				34FF495A214268DF0043EF1B /* Info.plist */,
				34FF49622142B1350043EF1B /* GoogleService-Info.plist */,
				34FF496C2142B6D30043EF1B /* Resource */,
				34FF495D2142AEFA0043EF1B /* Frameworks */,
				34FF492D214267DC0043EF1B /* Story */,
				34FF492C214267D70043EF1B /* Script */,
			);
			path = GamePicker;
			sourceTree = "<group>";
		};
		34FF492C214267D70043EF1B /* Script */ = {
			isa = PBXGroup;
			children = (
				34FF49422142683D0043EF1B /* Sub */,
				34FF4941214268370043EF1B /* Prim */,
				34FF4940214268320043EF1B /* Etc */,
			);
			path = Script;
			sourceTree = "<group>";
		};
		34FF492D214267DC0043EF1B /* Story */ = {
			isa = PBXGroup;
			children = (
				34FF4953214268930043EF1B /* Loading.storyboard */,
				34FF4954214268930043EF1B /* Main.storyboard */,
			);
			path = Story;
			sourceTree = "<group>";
		};
		34FF4940214268320043EF1B /* Etc */ = {
			isa = PBXGroup;
			children = (
				34FF4945214268640043EF1B /* AppDelegate.swift */,
				34FF49432142685F0043EF1B /* AnimUtils.swift */,
			);
			path = Etc;
			sourceTree = "<group>";
		};
		34FF4941214268370043EF1B /* Prim */ = {
			isa = PBXGroup;
			children = (
				D9A13F9C2150F84A000FBBAD /* Communication */,
				34924FC62143C0730088023E /* Main */,
				340C78AB2144EF27003F3676 /* Popular */,
				34FF494A2142687A0043EF1B /* Settings.swift */,
				34138EB021456E8C00F8F8F4 /* Message_cell.swift */,
			);
			path = Prim;
			sourceTree = "<group>";
		};
		34FF49422142683D0043EF1B /* Sub */ = {
			isa = PBXGroup;
			children = (
				34FF4950214268830043EF1B /* Login.swift */,
				34FF494F214268830043EF1B /* Profile_Setting.swift */,
			);
			path = Sub;
			sourceTree = "<group>";
		};
		34FF495D2142AEFA0043EF1B /* Frameworks */ = {
			isa = PBXGroup;
			children = (
				34FF49652142B6260043EF1B /* Bolts.framework */,
				34FF495E2142AF260043EF1B /* FBSDKCoreKit.framework */,
				34FF495F2142AF260043EF1B /* FBSDKLoginKit.framework */,
			);
			path = Frameworks;
			sourceTree = "<group>";
		};
		34FF496C2142B6D30043EF1B /* Resource */ = {
			isa = PBXGroup;
			children = (
				D9331AAE2153C4D20025C759 /* Assets.xcassets */,
				34FF49752142B7190043EF1B /* Login */,
				34FF496E2142B6ED0043EF1B /* Profile */,
				34FF496D2142B6E90043EF1B /* Etc */,
			);
			path = Resource;
			sourceTree = "<group>";
		};
		34FF496D2142B6E90043EF1B /* Etc */ = {
			isa = PBXGroup;
			children = (
				34FF498B2142B8AF0043EF1B /* Camera.png */,
				34FF498A2142B8AF0043EF1B /* Edit.png */,
				34FF498C2142B8AF0043EF1B /* Logo_white.png */,
			);
			path = Etc;
			sourceTree = "<group>";
		};
		34FF496E2142B6ED0043EF1B /* Profile */ = {
			isa = PBXGroup;
			children = (
				340C78B8214506F5003F3676 /* back_default.png */,
				34FF49902142B8BA0043EF1B /* front_default.png */,
			);
			path = Profile;
			sourceTree = "<group>";
		};
		34FF49752142B7190043EF1B /* Login */ = {
			isa = PBXGroup;
			children = (
				34FF49712142B70F0043EF1B /* Login.jpeg */,
				34FF49772142B7280043EF1B /* FB.png */,
				34FF49792142B7290043EF1B /* FBlogo.png */,
			);
			path = Login;
			sourceTree = "<group>";
		};
		7F7733CA608B5BB2D92E184A /* Frameworks */ = {
			isa = PBXGroup;
			children = (
				7BB1EEC452AB9D7047168F03 /* Pods_GamePicker.framework */,
			);
			name = Frameworks;
			sourceTree = "<group>";
		};
		A0C7A287676DC39F5E8CF56D /* Pods */ = {
			isa = PBXGroup;
			children = (
				8108C77201ECB1DC63FA09D7 /* Pods-GamePicker.debug.xcconfig */,
				1672F286A82ED2EE47319908 /* Pods-GamePicker.release.xcconfig */,
			);
			name = Pods;
			sourceTree = "<group>";
		};
		D9A13F9C2150F84A000FBBAD /* Communication */ = {
			isa = PBXGroup;
			children = (
				D9A13F9D2150F88F000FBBAD /* Com_card.swift */,
				D9A13F9F21515EF3000FBBAD /* Com_cell.swift */,
				D9A13FA42151EF7A000FBBAD /* Com_table.swift */,
				D9B22D352152C26300622204 /* Com_table_cell.swift */,
			);
			path = Communication;
			sourceTree = "<group>";
		};
/* End PBXGroup section */

/* Begin PBXNativeTarget section */
		34FF48FE214266D20043EF1B /* GamePicker */ = {
			isa = PBXNativeTarget;
			buildConfigurationList = 34FF4911214266D20043EF1B /* Build configuration list for PBXNativeTarget "GamePicker" */;
			buildPhases = (
				6FC14A65380D89665A11E046 /* [CP] Check Pods Manifest.lock */,
				34FF48FB214266D20043EF1B /* Sources */,
				34FF48FC214266D20043EF1B /* Frameworks */,
				34FF48FD214266D20043EF1B /* Resources */,
				CC5444B9FF53C071CF251C83 /* [CP] Embed Pods Frameworks */,
			);
			buildRules = (
			);
			dependencies = (
			);
			name = GamePicker;
			productName = GamePicker;
			productReference = 34FF48FF214266D20043EF1B /* GamePicker.app */;
			productType = "com.apple.product-type.application";
		};
/* End PBXNativeTarget section */

/* Begin PBXProject section */
		34FF48F7214266D20043EF1B /* Project object */ = {
			isa = PBXProject;
			attributes = {
				LastSwiftUpdateCheck = 0940;
				LastUpgradeCheck = 0940;
				ORGANIZATIONNAME = "정현민";
				TargetAttributes = {
					34FF48FE214266D20043EF1B = {
						CreatedOnToolsVersion = 9.4.1;
						LastSwiftMigration = 0940;
					};
				};
			};
			buildConfigurationList = 34FF48FA214266D20043EF1B /* Build configuration list for PBXProject "GamePicker" */;
			compatibilityVersion = "Xcode 9.3";
			developmentRegion = en;
			hasScannedForEncodings = 0;
			knownRegions = (
				en,
				Base,
			);
			mainGroup = 34FF48F6214266D20043EF1B;
			productRefGroup = 34FF4900214266D20043EF1B /* Products */;
			projectDirPath = "";
			projectRoot = "";
			targets = (
				34FF48FE214266D20043EF1B /* GamePicker */,
			);
		};
/* End PBXProject section */

/* Begin PBXResourcesBuildPhase section */
		34FF48FD214266D20043EF1B /* Resources */ = {
			isa = PBXResourcesBuildPhase;
			buildActionMask = 2147483647;
			files = (
				34FF497E2142B7290043EF1B /* FBlogo.png in Resources */,
				340C78B9214506F5003F3676 /* back_default.png in Resources */,
				34FF49632142B1350043EF1B /* GoogleService-Info.plist in Resources */,
				34FF4955214268930043EF1B /* Loading.storyboard in Resources */,
				34FF4956214268930043EF1B /* Main.storyboard in Resources */,
				34FF498F2142B8AF0043EF1B /* Logo_white.png in Resources */,
				34FF49742142B70F0043EF1B /* Login.jpeg in Resources */,
				34FF49922142B8BA0043EF1B /* front_default.png in Resources */,
				34FF498E2142B8AF0043EF1B /* Camera.png in Resources */,
				34FF498D2142B8AF0043EF1B /* Edit.png in Resources */,
				D9331AAF2153C4D30025C759 /* Assets.xcassets in Resources */,
				34FF497C2142B7290043EF1B /* FB.png in Resources */,
			);
			runOnlyForDeploymentPostprocessing = 0;
		};
/* End PBXResourcesBuildPhase section */

/* Begin PBXShellScriptBuildPhase section */
		6FC14A65380D89665A11E046 /* [CP] Check Pods Manifest.lock */ = {
			isa = PBXShellScriptBuildPhase;
			buildActionMask = 2147483647;
			files = (
			);
			inputPaths = (
				"${PODS_PODFILE_DIR_PATH}/Podfile.lock",
				"${PODS_ROOT}/Manifest.lock",
			);
			name = "[CP] Check Pods Manifest.lock";
			outputPaths = (
				"$(DERIVED_FILE_DIR)/Pods-GamePicker-checkManifestLockResult.txt",
			);
			runOnlyForDeploymentPostprocessing = 0;
			shellPath = /bin/sh;
			shellScript = "diff \"${PODS_PODFILE_DIR_PATH}/Podfile.lock\" \"${PODS_ROOT}/Manifest.lock\" > /dev/null\nif [ $? != 0 ] ; then\n    # print error to STDERR\n    echo \"error: The sandbox is not in sync with the Podfile.lock. Run 'pod install' or update your CocoaPods installation.\" >&2\n    exit 1\nfi\n# This output is used by Xcode 'outputs' to avoid re-running this script phase.\necho \"SUCCESS\" > \"${SCRIPT_OUTPUT_FILE_0}\"\n";
			showEnvVarsInLog = 0;
		};
		CC5444B9FF53C071CF251C83 /* [CP] Embed Pods Frameworks */ = {
			isa = PBXShellScriptBuildPhase;
			buildActionMask = 2147483647;
			files = (
			);
			inputPaths = (
				"${SRCROOT}/Pods/Target Support Files/Pods-GamePicker/Pods-GamePicker-frameworks.sh",
				"${BUILT_PRODUCTS_DIR}/GTMSessionFetcher/GTMSessionFetcher.framework",
				"${BUILT_PRODUCTS_DIR}/GoogleUtilities/GoogleUtilities.framework",
				"${BUILT_PRODUCTS_DIR}/nanopb/nanopb.framework",
			);
			name = "[CP] Embed Pods Frameworks";
			outputPaths = (
				"${TARGET_BUILD_DIR}/${FRAMEWORKS_FOLDER_PATH}/GTMSessionFetcher.framework",
				"${TARGET_BUILD_DIR}/${FRAMEWORKS_FOLDER_PATH}/GoogleUtilities.framework",
				"${TARGET_BUILD_DIR}/${FRAMEWORKS_FOLDER_PATH}/nanopb.framework",
			);
			runOnlyForDeploymentPostprocessing = 0;
			shellPath = /bin/sh;
			shellScript = "\"${SRCROOT}/Pods/Target Support Files/Pods-GamePicker/Pods-GamePicker-frameworks.sh\"\n";
			showEnvVarsInLog = 0;
		};
/* End PBXShellScriptBuildPhase section */

/* Begin PBXSourcesBuildPhase section */
		34FF48FB214266D20043EF1B /* Sources */ = {
			isa = PBXSourcesBuildPhase;
			buildActionMask = 2147483647;
			files = (
				34FF4951214268830043EF1B /* Profile_Setting.swift in Sources */,
				D9A13F9E2150F88F000FBBAD /* Com_card.swift in Sources */,
				34FF494E2142687A0043EF1B /* Settings.swift in Sources */,
				349C4A162144419F003445C8 /* Main_cell.swift in Sources */,
				D9B22D362152C26300622204 /* Com_table_cell.swift in Sources */,
				340C78AF2144F3AE003F3676 /* Game_List.swift in Sources */,
				349C4A1421443F2E003445C8 /* Main_card.swift in Sources */,
				D9A13FA52151EF7A000FBBAD /* Com_table.swift in Sources */,
				34138EB121456E8D00F8F8F4 /* Message_cell.swift in Sources */,
				34FF4946214268640043EF1B /* AppDelegate.swift in Sources */,
				34FF49442142685F0043EF1B /* AnimUtils.swift in Sources */,
				D9A13FA021515EF3000FBBAD /* Com_cell.swift in Sources */,
				34FF494B2142687A0043EF1B /* Popular.swift in Sources */,
				34FF4952214268830043EF1B /* Login.swift in Sources */,
			);
			runOnlyForDeploymentPostprocessing = 0;
		};
/* End PBXSourcesBuildPhase section */

/* Begin XCBuildConfiguration section */
		34FF490F214266D20043EF1B /* Debug */ = {
			isa = XCBuildConfiguration;
			buildSettings = {
				ALWAYS_SEARCH_USER_PATHS = NO;
				CLANG_ANALYZER_NONNULL = YES;
				CLANG_ANALYZER_NUMBER_OBJECT_CONVERSION = YES_AGGRESSIVE;
				CLANG_CXX_LANGUAGE_STANDARD = "gnu++14";
				CLANG_CXX_LIBRARY = "libc++";
				CLANG_ENABLE_MODULES = YES;
				CLANG_ENABLE_OBJC_ARC = YES;
				CLANG_ENABLE_OBJC_WEAK = YES;
				CLANG_WARN_BLOCK_CAPTURE_AUTORELEASING = YES;
				CLANG_WARN_BOOL_CONVERSION = YES;
				CLANG_WARN_COMMA = YES;
				CLANG_WARN_CONSTANT_CONVERSION = YES;
				CLANG_WARN_DEPRECATED_OBJC_IMPLEMENTATIONS = YES;
				CLANG_WARN_DIRECT_OBJC_ISA_USAGE = YES_ERROR;
				CLANG_WARN_DOCUMENTATION_COMMENTS = YES;
				CLANG_WARN_EMPTY_BODY = YES;
				CLANG_WARN_ENUM_CONVERSION = YES;
				CLANG_WARN_INFINITE_RECURSION = YES;
				CLANG_WARN_INT_CONVERSION = YES;
				CLANG_WARN_NON_LITERAL_NULL_CONVERSION = YES;
				CLANG_WARN_OBJC_IMPLICIT_RETAIN_SELF = YES;
				CLANG_WARN_OBJC_LITERAL_CONVERSION = YES;
				CLANG_WARN_OBJC_ROOT_CLASS = YES_ERROR;
				CLANG_WARN_RANGE_LOOP_ANALYSIS = YES;
				CLANG_WARN_STRICT_PROTOTYPES = YES;
				CLANG_WARN_SUSPICIOUS_MOVE = YES;
				CLANG_WARN_UNGUARDED_AVAILABILITY = YES_AGGRESSIVE;
				CLANG_WARN_UNREACHABLE_CODE = YES;
				CLANG_WARN__DUPLICATE_METHOD_MATCH = YES;
				CODE_SIGN_IDENTITY = "iPhone Developer";
				COPY_PHASE_STRIP = NO;
				DEBUG_INFORMATION_FORMAT = dwarf;
				ENABLE_STRICT_OBJC_MSGSEND = YES;
				ENABLE_TESTABILITY = YES;
				GCC_C_LANGUAGE_STANDARD = gnu11;
				GCC_DYNAMIC_NO_PIC = NO;
				GCC_NO_COMMON_BLOCKS = YES;
				GCC_OPTIMIZATION_LEVEL = 0;
				GCC_PREPROCESSOR_DEFINITIONS = (
					"DEBUG=1",
					"$(inherited)",
				);
				GCC_WARN_64_TO_32_BIT_CONVERSION = YES;
				GCC_WARN_ABOUT_RETURN_TYPE = YES_ERROR;
				GCC_WARN_UNDECLARED_SELECTOR = YES;
				GCC_WARN_UNINITIALIZED_AUTOS = YES_AGGRESSIVE;
				GCC_WARN_UNUSED_FUNCTION = YES;
				GCC_WARN_UNUSED_VARIABLE = YES;
				IPHONEOS_DEPLOYMENT_TARGET = 11.4;
				MTL_ENABLE_DEBUG_INFO = YES;
				ONLY_ACTIVE_ARCH = YES;
				SDKROOT = iphoneos;
				SWIFT_ACTIVE_COMPILATION_CONDITIONS = DEBUG;
				SWIFT_OPTIMIZATION_LEVEL = "-Onone";
			};
			name = Debug;
		};
		34FF4910214266D20043EF1B /* Release */ = {
			isa = XCBuildConfiguration;
			buildSettings = {
				ALWAYS_SEARCH_USER_PATHS = NO;
				CLANG_ANALYZER_NONNULL = YES;
				CLANG_ANALYZER_NUMBER_OBJECT_CONVERSION = YES_AGGRESSIVE;
				CLANG_CXX_LANGUAGE_STANDARD = "gnu++14";
				CLANG_CXX_LIBRARY = "libc++";
				CLANG_ENABLE_MODULES = YES;
				CLANG_ENABLE_OBJC_ARC = YES;
				CLANG_ENABLE_OBJC_WEAK = YES;
				CLANG_WARN_BLOCK_CAPTURE_AUTORELEASING = YES;
				CLANG_WARN_BOOL_CONVERSION = YES;
				CLANG_WARN_COMMA = YES;
				CLANG_WARN_CONSTANT_CONVERSION = YES;
				CLANG_WARN_DEPRECATED_OBJC_IMPLEMENTATIONS = YES;
				CLANG_WARN_DIRECT_OBJC_ISA_USAGE = YES_ERROR;
				CLANG_WARN_DOCUMENTATION_COMMENTS = YES;
				CLANG_WARN_EMPTY_BODY = YES;
				CLANG_WARN_ENUM_CONVERSION = YES;
				CLANG_WARN_INFINITE_RECURSION = YES;
				CLANG_WARN_INT_CONVERSION = YES;
				CLANG_WARN_NON_LITERAL_NULL_CONVERSION = YES;
				CLANG_WARN_OBJC_IMPLICIT_RETAIN_SELF = YES;
				CLANG_WARN_OBJC_LITERAL_CONVERSION = YES;
				CLANG_WARN_OBJC_ROOT_CLASS = YES_ERROR;
				CLANG_WARN_RANGE_LOOP_ANALYSIS = YES;
				CLANG_WARN_STRICT_PROTOTYPES = YES;
				CLANG_WARN_SUSPICIOUS_MOVE = YES;
				CLANG_WARN_UNGUARDED_AVAILABILITY = YES_AGGRESSIVE;
				CLANG_WARN_UNREACHABLE_CODE = YES;
				CLANG_WARN__DUPLICATE_METHOD_MATCH = YES;
				CODE_SIGN_IDENTITY = "iPhone Developer";
				COPY_PHASE_STRIP = NO;
				DEBUG_INFORMATION_FORMAT = "dwarf-with-dsym";
				ENABLE_NS_ASSERTIONS = NO;
				ENABLE_STRICT_OBJC_MSGSEND = YES;
				GCC_C_LANGUAGE_STANDARD = gnu11;
				GCC_NO_COMMON_BLOCKS = YES;
				GCC_WARN_64_TO_32_BIT_CONVERSION = YES;
				GCC_WARN_ABOUT_RETURN_TYPE = YES_ERROR;
				GCC_WARN_UNDECLARED_SELECTOR = YES;
				GCC_WARN_UNINITIALIZED_AUTOS = YES_AGGRESSIVE;
				GCC_WARN_UNUSED_FUNCTION = YES;
				GCC_WARN_UNUSED_VARIABLE = YES;
				IPHONEOS_DEPLOYMENT_TARGET = 11.4;
				MTL_ENABLE_DEBUG_INFO = NO;
				SDKROOT = iphoneos;
				SWIFT_COMPILATION_MODE = wholemodule;
				SWIFT_OPTIMIZATION_LEVEL = "-O";
				VALIDATE_PRODUCT = YES;
			};
			name = Release;
		};
		34FF4912214266D20043EF1B /* Debug */ = {
			isa = XCBuildConfiguration;
			baseConfigurationReference = 8108C77201ECB1DC63FA09D7 /* Pods-GamePicker.debug.xcconfig */;
			buildSettings = {
				ASSETCATALOG_COMPILER_APPICON_NAME = AppIcon;
				CLANG_ENABLE_MODULES = YES;
				CODE_SIGN_STYLE = Automatic;
				DEVELOPMENT_TEAM = VXMTSUD3ER;
				FRAMEWORK_SEARCH_PATHS = (
					"$(inherited)",
					"$(PROJECT_DIR)/GamePicker/Frameworks",
				);
				INFOPLIST_FILE = GamePicker/Info.plist;
				LD_RUNPATH_SEARCH_PATHS = (
					"$(inherited)",
					"@executable_path/Frameworks",
				);
				PRODUCT_BUNDLE_IDENTIFIER = JHM.GamePicker;
				PRODUCT_NAME = "$(TARGET_NAME)";
				SWIFT_OPTIMIZATION_LEVEL = "-Onone";
				SWIFT_VERSION = 4.0;
				TARGETED_DEVICE_FAMILY = 1;
			};
			name = Debug;
		};
		34FF4913214266D20043EF1B /* Release */ = {
			isa = XCBuildConfiguration;
			baseConfigurationReference = 1672F286A82ED2EE47319908 /* Pods-GamePicker.release.xcconfig */;
			buildSettings = {
				ASSETCATALOG_COMPILER_APPICON_NAME = AppIcon;
				CLANG_ENABLE_MODULES = YES;
				CODE_SIGN_STYLE = Automatic;
				DEVELOPMENT_TEAM = VXMTSUD3ER;
				FRAMEWORK_SEARCH_PATHS = (
					"$(inherited)",
					"$(PROJECT_DIR)/GamePicker/Frameworks",
				);
				INFOPLIST_FILE = GamePicker/Info.plist;
				LD_RUNPATH_SEARCH_PATHS = (
					"$(inherited)",
					"@executable_path/Frameworks",
				);
				PRODUCT_BUNDLE_IDENTIFIER = JHM.GamePicker;
				PRODUCT_NAME = "$(TARGET_NAME)";
				SWIFT_VERSION = 4.0;
				TARGETED_DEVICE_FAMILY = 1;
			};
			name = Release;
		};
/* End XCBuildConfiguration section */

/* Begin XCConfigurationList section */
		34FF48FA214266D20043EF1B /* Build configuration list for PBXProject "GamePicker" */ = {
			isa = XCConfigurationList;
			buildConfigurations = (
				34FF490F214266D20043EF1B /* Debug */,
				34FF4910214266D20043EF1B /* Release */,
			);
			defaultConfigurationIsVisible = 0;
			defaultConfigurationName = Release;
		};
		34FF4911214266D20043EF1B /* Build configuration list for PBXNativeTarget "GamePicker" */ = {
			isa = XCConfigurationList;
			buildConfigurations = (
				34FF4912214266D20043EF1B /* Debug */,
				34FF4913214266D20043EF1B /* Release */,
			);
			defaultConfigurationIsVisible = 0;
			defaultConfigurationName = Release;
		};
/* End XCConfigurationList section */
	};
	rootObject = 34FF48F7214266D20043EF1B /* Project object */;
}
