// !$*UTF8*$!
{
	archiveVersion = 1;
	classes = {
	};
	objectVersion = 50;
	objects = {

/* Begin PBXBuildFile section */
		34FF4956214268930043EF1B /* Main.storyboard in Resources */ = {isa = PBXBuildFile; fileRef = 34FF4954214268930043EF1B /* Main.storyboard */; };
		9457636474798020FFFE676E /* Pods_GamePicker.framework in Frameworks */ = {isa = PBXBuildFile; fileRef = 33801FD65AEF2D6A61F5B5B4 /* Pods_GamePicker.framework */; };
		D935EEC8221C5F1600F89D85 /* User_message.swift in Sources */ = {isa = PBXBuildFile; fileRef = D935EEC7221C5F1600F89D85 /* User_message.swift */; };
		D9392F90222087A800F3C257 /* Refresh_view.xib in Resources */ = {isa = PBXBuildFile; fileRef = D9392F8F222087A800F3C257 /* Refresh_view.xib */; };
		D9392F922221961D00F3C257 /* Refresh_view.swift in Sources */ = {isa = PBXBuildFile; fileRef = D9392F912221961D00F3C257 /* Refresh_view.swift */; };
		D94C99B422043037005590BF /* AppDelegate.swift in Sources */ = {isa = PBXBuildFile; fileRef = D94C99B322043037005590BF /* AppDelegate.swift */; };
		D94C99BA2204305C005590BF /* Community.swift in Sources */ = {isa = PBXBuildFile; fileRef = D94C99B92204305C005590BF /* Community.swift */; };
		D94C99BC22043060005590BF /* Community_cell.swift in Sources */ = {isa = PBXBuildFile; fileRef = D94C99BB22043060005590BF /* Community_cell.swift */; };
		D94C99BE22043065005590BF /* Community_VO.swift in Sources */ = {isa = PBXBuildFile; fileRef = D94C99BD22043065005590BF /* Community_VO.swift */; };
		D94C99C122043090005590BF /* Comment_cell.swift in Sources */ = {isa = PBXBuildFile; fileRef = D94C99BF22043090005590BF /* Comment_cell.swift */; };
		D94C99C222043090005590BF /* Comment_VO.swift in Sources */ = {isa = PBXBuildFile; fileRef = D94C99C022043090005590BF /* Comment_VO.swift */; };
		D94C99C42204309B005590BF /* Custom_alert.swift in Sources */ = {isa = PBXBuildFile; fileRef = D94C99C32204309B005590BF /* Custom_alert.swift */; };
		D94C99C6220430A4005590BF /* First.swift in Sources */ = {isa = PBXBuildFile; fileRef = D94C99C5220430A4005590BF /* First.swift */; };
		D94C99CA220430CC005590BF /* Game_info.swift in Sources */ = {isa = PBXBuildFile; fileRef = D94C99C9220430CC005590BF /* Game_info.swift */; };
		D94C99CE220430D7005590BF /* Game_search_cell.swift in Sources */ = {isa = PBXBuildFile; fileRef = D94C99CD220430D7005590BF /* Game_search_cell.swift */; };
		D94C99D0220430DD005590BF /* Game_search_VO.swift in Sources */ = {isa = PBXBuildFile; fileRef = D94C99CF220430DD005590BF /* Game_search_VO.swift */; };
		D94C99D2220430EC005590BF /* Login.swift in Sources */ = {isa = PBXBuildFile; fileRef = D94C99D1220430EC005590BF /* Login.swift */; };
		D94C99D4220430EF005590BF /* Logout.swift in Sources */ = {isa = PBXBuildFile; fileRef = D94C99D3220430EF005590BF /* Logout.swift */; };
		D94C99D6220430F4005590BF /* Main.swift in Sources */ = {isa = PBXBuildFile; fileRef = D94C99D5220430F4005590BF /* Main.swift */; };
		D94C99D8220430F9005590BF /* Main_cell.swift in Sources */ = {isa = PBXBuildFile; fileRef = D94C99D7220430F9005590BF /* Main_cell.swift */; };
		D94C99DA220430FD005590BF /* Main_VO.swift in Sources */ = {isa = PBXBuildFile; fileRef = D94C99D9220430FD005590BF /* Main_VO.swift */; };
		D94C99DE22043117005590BF /* Post_list.swift in Sources */ = {isa = PBXBuildFile; fileRef = D94C99DC22043116005590BF /* Post_list.swift */; };
		D94C99E12204311F005590BF /* Post_read.swift in Sources */ = {isa = PBXBuildFile; fileRef = D94C99E02204311F005590BF /* Post_read.swift */; };
		D94C99E52204312C005590BF /* Post_write.swift in Sources */ = {isa = PBXBuildFile; fileRef = D94C99E42204312C005590BF /* Post_write.swift */; };
		D94C99E722043134005590BF /* Profile_edit.swift in Sources */ = {isa = PBXBuildFile; fileRef = D94C99E622043134005590BF /* Profile_edit.swift */; };
		D94C99E922043138005590BF /* Profile.swift in Sources */ = {isa = PBXBuildFile; fileRef = D94C99E822043138005590BF /* Profile.swift */; };
		D94C99EE22043144005590BF /* Register_second.swift in Sources */ = {isa = PBXBuildFile; fileRef = D94C99EA22043144005590BF /* Register_second.swift */; };
		D94C99EF22043144005590BF /* Register_third.swift in Sources */ = {isa = PBXBuildFile; fileRef = D94C99EB22043144005590BF /* Register_third.swift */; };
		D94C99F022043144005590BF /* Register_fourth.swift in Sources */ = {isa = PBXBuildFile; fileRef = D94C99EC22043144005590BF /* Register_fourth.swift */; };
		D94C99F122043144005590BF /* Register_first.swift in Sources */ = {isa = PBXBuildFile; fileRef = D94C99ED22043144005590BF /* Register_first.swift */; };
		D94C99F522043159005590BF /* TutorialContentsVC.swift in Sources */ = {isa = PBXBuildFile; fileRef = D94C99F322043159005590BF /* TutorialContentsVC.swift */; };
		D94C99F622043159005590BF /* TutorialMasterVC.swift in Sources */ = {isa = PBXBuildFile; fileRef = D94C99F422043159005590BF /* TutorialMasterVC.swift */; };
		D94C99F92204315F005590BF /* Utils.swift in Sources */ = {isa = PBXBuildFile; fileRef = D94C99F72204315F005590BF /* Utils.swift */; };
		D94C99FA2204315F005590BF /* User_stack.swift in Sources */ = {isa = PBXBuildFile; fileRef = D94C99F82204315F005590BF /* User_stack.swift */; };
		D94C99FC220431E5005590BF /* Game_search.swift in Sources */ = {isa = PBXBuildFile; fileRef = D94C99FB220431E5005590BF /* Game_search.swift */; };
		D9708727221DE3BB00C260F9 /* Post_VO.swift in Sources */ = {isa = PBXBuildFile; fileRef = D9708726221DE3BB00C260F9 /* Post_VO.swift */; };
		D9708729221DE3C600C260F9 /* Post_cell.swift in Sources */ = {isa = PBXBuildFile; fileRef = D9708728221DE3C600C260F9 /* Post_cell.swift */; };
		D980557A21E51B1900B9B79A /* Bottom_red.xib in Resources */ = {isa = PBXBuildFile; fileRef = D980557921E51B1900B9B79A /* Bottom_red.xib */; };
		D995AEF321EDF3EF007C0265 /* Assets.xcassets in Resources */ = {isa = PBXBuildFile; fileRef = D995AEF221EDF3EE007C0265 /* Assets.xcassets */; };
		D995AEF921F04E6B007C0265 /* GoogleService-Info.plist in Resources */ = {isa = PBXBuildFile; fileRef = D995AEF821F04E6B007C0265 /* GoogleService-Info.plist */; };
		D9983802215D476D00D8ECC7 /* Tutorial.storyboard in Resources */ = {isa = PBXBuildFile; fileRef = D9983801215D476D00D8ECC7 /* Tutorial.storyboard */; };
		D9CA35D122183272004C8258 /* User_game.swift in Sources */ = {isa = PBXBuildFile; fileRef = D9CA35D022183272004C8258 /* User_game.swift */; };
		D9D802D2221EA40700019D3C /* User_push.swift in Sources */ = {isa = PBXBuildFile; fileRef = D9D802D1221EA40700019D3C /* User_push.swift */; };
		D9E440ED2153E9620029EA37 /* Register.storyboard in Resources */ = {isa = PBXBuildFile; fileRef = D9E440EC2153E9620029EA37 /* Register.storyboard */; };
		D9F2A86F21ECF38B0047A49D /* Center_logout.xib in Resources */ = {isa = PBXBuildFile; fileRef = D9F2A86E21ECF38B0047A49D /* Center_logout.xib */; };
		D9F2A87121ECF3A90047A49D /* Center_score.xib in Resources */ = {isa = PBXBuildFile; fileRef = D9F2A87021ECF3A90047A49D /* Center_score.xib */; };
/* End PBXBuildFile section */

/* Begin PBXFileReference section */
		1672F286A82ED2EE47319908 /* Pods-GamePicker.release.xcconfig */ = {isa = PBXFileReference; includeInIndex = 1; lastKnownFileType = text.xcconfig; name = "Pods-GamePicker.release.xcconfig"; path = "Pods/Target Support Files/Pods-GamePicker/Pods-GamePicker.release.xcconfig"; sourceTree = "<group>"; };
		33801FD65AEF2D6A61F5B5B4 /* Pods_GamePicker.framework */ = {isa = PBXFileReference; explicitFileType = wrapper.framework; includeInIndex = 0; path = Pods_GamePicker.framework; sourceTree = BUILT_PRODUCTS_DIR; };
		34FF48FF214266D20043EF1B /* GamePicker.app */ = {isa = PBXFileReference; explicitFileType = wrapper.application; includeInIndex = 0; path = GamePicker.app; sourceTree = BUILT_PRODUCTS_DIR; };
		34FF4954214268930043EF1B /* Main.storyboard */ = {isa = PBXFileReference; fileEncoding = 4; lastKnownFileType = file.storyboard; path = Main.storyboard; sourceTree = "<group>"; };
		34FF495A214268DF0043EF1B /* Info.plist */ = {isa = PBXFileReference; fileEncoding = 4; lastKnownFileType = text.plist.xml; path = Info.plist; sourceTree = "<group>"; };
		8108C77201ECB1DC63FA09D7 /* Pods-GamePicker.debug.xcconfig */ = {isa = PBXFileReference; includeInIndex = 1; lastKnownFileType = text.xcconfig; name = "Pods-GamePicker.debug.xcconfig"; path = "Pods/Target Support Files/Pods-GamePicker/Pods-GamePicker.debug.xcconfig"; sourceTree = "<group>"; };
		D935EEC7221C5F1600F89D85 /* User_message.swift */ = {isa = PBXFileReference; lastKnownFileType = sourcecode.swift; path = User_message.swift; sourceTree = "<group>"; };
		D9392F8F222087A800F3C257 /* Refresh_view.xib */ = {isa = PBXFileReference; lastKnownFileType = file.xib; path = Refresh_view.xib; sourceTree = "<group>"; };
		D9392F912221961D00F3C257 /* Refresh_view.swift */ = {isa = PBXFileReference; lastKnownFileType = sourcecode.swift; path = Refresh_view.swift; sourceTree = "<group>"; };
		D94C99B322043037005590BF /* AppDelegate.swift */ = {isa = PBXFileReference; fileEncoding = 4; lastKnownFileType = sourcecode.swift; path = AppDelegate.swift; sourceTree = "<group>"; };
		D94C99B92204305C005590BF /* Community.swift */ = {isa = PBXFileReference; fileEncoding = 4; lastKnownFileType = sourcecode.swift; name = Community.swift; path = ../../../../../.Trash/Community.swift; sourceTree = "<group>"; };
		D94C99BB22043060005590BF /* Community_cell.swift */ = {isa = PBXFileReference; fileEncoding = 4; lastKnownFileType = sourcecode.swift; path = Community_cell.swift; sourceTree = "<group>"; };
		D94C99BD22043065005590BF /* Community_VO.swift */ = {isa = PBXFileReference; fileEncoding = 4; lastKnownFileType = sourcecode.swift; path = Community_VO.swift; sourceTree = "<group>"; };
		D94C99BF22043090005590BF /* Comment_cell.swift */ = {isa = PBXFileReference; fileEncoding = 4; lastKnownFileType = sourcecode.swift; path = Comment_cell.swift; sourceTree = "<group>"; };
		D94C99C022043090005590BF /* Comment_VO.swift */ = {isa = PBXFileReference; fileEncoding = 4; lastKnownFileType = sourcecode.swift; path = Comment_VO.swift; sourceTree = "<group>"; };
		D94C99C32204309B005590BF /* Custom_alert.swift */ = {isa = PBXFileReference; fileEncoding = 4; lastKnownFileType = sourcecode.swift; path = Custom_alert.swift; sourceTree = "<group>"; };
		D94C99C5220430A4005590BF /* First.swift */ = {isa = PBXFileReference; fileEncoding = 4; lastKnownFileType = sourcecode.swift; path = First.swift; sourceTree = "<group>"; };
		D94C99C9220430CC005590BF /* Game_info.swift */ = {isa = PBXFileReference; fileEncoding = 4; lastKnownFileType = sourcecode.swift; path = Game_info.swift; sourceTree = "<group>"; };
		D94C99CD220430D7005590BF /* Game_search_cell.swift */ = {isa = PBXFileReference; fileEncoding = 4; lastKnownFileType = sourcecode.swift; name = Game_search_cell.swift; path = ../../../../../../.Trash/Game_search_cell.swift; sourceTree = "<group>"; };
		D94C99CF220430DD005590BF /* Game_search_VO.swift */ = {isa = PBXFileReference; fileEncoding = 4; lastKnownFileType = sourcecode.swift; path = Game_search_VO.swift; sourceTree = "<group>"; };
		D94C99D1220430EC005590BF /* Login.swift */ = {isa = PBXFileReference; fileEncoding = 4; lastKnownFileType = sourcecode.swift; path = Login.swift; sourceTree = "<group>"; };
		D94C99D3220430EF005590BF /* Logout.swift */ = {isa = PBXFileReference; fileEncoding = 4; lastKnownFileType = sourcecode.swift; path = Logout.swift; sourceTree = "<group>"; };
		D94C99D5220430F4005590BF /* Main.swift */ = {isa = PBXFileReference; fileEncoding = 4; lastKnownFileType = sourcecode.swift; path = Main.swift; sourceTree = "<group>"; };
		D94C99D7220430F9005590BF /* Main_cell.swift */ = {isa = PBXFileReference; fileEncoding = 4; lastKnownFileType = sourcecode.swift; path = Main_cell.swift; sourceTree = "<group>"; };
		D94C99D9220430FD005590BF /* Main_VO.swift */ = {isa = PBXFileReference; fileEncoding = 4; lastKnownFileType = sourcecode.swift; path = Main_VO.swift; sourceTree = "<group>"; };
		D94C99DC22043116005590BF /* Post_list.swift */ = {isa = PBXFileReference; fileEncoding = 4; lastKnownFileType = sourcecode.swift; path = Post_list.swift; sourceTree = "<group>"; };
		D94C99E02204311F005590BF /* Post_read.swift */ = {isa = PBXFileReference; fileEncoding = 4; lastKnownFileType = sourcecode.swift; path = Post_read.swift; sourceTree = "<group>"; };
		D94C99E42204312C005590BF /* Post_write.swift */ = {isa = PBXFileReference; fileEncoding = 4; lastKnownFileType = sourcecode.swift; path = Post_write.swift; sourceTree = "<group>"; };
		D94C99E622043134005590BF /* Profile_edit.swift */ = {isa = PBXFileReference; fileEncoding = 4; lastKnownFileType = sourcecode.swift; path = Profile_edit.swift; sourceTree = "<group>"; };
		D94C99E822043138005590BF /* Profile.swift */ = {isa = PBXFileReference; fileEncoding = 4; lastKnownFileType = sourcecode.swift; path = Profile.swift; sourceTree = "<group>"; };
		D94C99EA22043144005590BF /* Register_second.swift */ = {isa = PBXFileReference; fileEncoding = 4; lastKnownFileType = sourcecode.swift; path = Register_second.swift; sourceTree = "<group>"; };
		D94C99EB22043144005590BF /* Register_third.swift */ = {isa = PBXFileReference; fileEncoding = 4; lastKnownFileType = sourcecode.swift; path = Register_third.swift; sourceTree = "<group>"; };
		D94C99EC22043144005590BF /* Register_fourth.swift */ = {isa = PBXFileReference; fileEncoding = 4; lastKnownFileType = sourcecode.swift; path = Register_fourth.swift; sourceTree = "<group>"; };
		D94C99ED22043144005590BF /* Register_first.swift */ = {isa = PBXFileReference; fileEncoding = 4; lastKnownFileType = sourcecode.swift; path = Register_first.swift; sourceTree = "<group>"; };
		D94C99F322043159005590BF /* TutorialContentsVC.swift */ = {isa = PBXFileReference; fileEncoding = 4; lastKnownFileType = sourcecode.swift; path = TutorialContentsVC.swift; sourceTree = "<group>"; };
		D94C99F422043159005590BF /* TutorialMasterVC.swift */ = {isa = PBXFileReference; fileEncoding = 4; lastKnownFileType = sourcecode.swift; path = TutorialMasterVC.swift; sourceTree = "<group>"; };
		D94C99F72204315F005590BF /* Utils.swift */ = {isa = PBXFileReference; fileEncoding = 4; lastKnownFileType = sourcecode.swift; path = Utils.swift; sourceTree = "<group>"; };
		D94C99F82204315F005590BF /* User_stack.swift */ = {isa = PBXFileReference; fileEncoding = 4; lastKnownFileType = sourcecode.swift; path = User_stack.swift; sourceTree = "<group>"; };
		D94C99FB220431E5005590BF /* Game_search.swift */ = {isa = PBXFileReference; fileEncoding = 4; lastKnownFileType = sourcecode.swift; path = Game_search.swift; sourceTree = "<group>"; };
		D9708726221DE3BB00C260F9 /* Post_VO.swift */ = {isa = PBXFileReference; lastKnownFileType = sourcecode.swift; path = Post_VO.swift; sourceTree = "<group>"; };
		D9708728221DE3C600C260F9 /* Post_cell.swift */ = {isa = PBXFileReference; lastKnownFileType = sourcecode.swift; path = Post_cell.swift; sourceTree = "<group>"; };
		D980557921E51B1900B9B79A /* Bottom_red.xib */ = {isa = PBXFileReference; lastKnownFileType = file.xib; path = Bottom_red.xib; sourceTree = "<group>"; };
		D995AEF221EDF3EE007C0265 /* Assets.xcassets */ = {isa = PBXFileReference; lastKnownFileType = folder.assetcatalog; path = Assets.xcassets; sourceTree = "<group>"; };
		D995AEF821F04E6B007C0265 /* GoogleService-Info.plist */ = {isa = PBXFileReference; fileEncoding = 4; lastKnownFileType = text.plist.xml; path = "GoogleService-Info.plist"; sourceTree = "<group>"; };
		D995AEFA21F05001007C0265 /* GamePicker.entitlements */ = {isa = PBXFileReference; lastKnownFileType = text.plist.entitlements; path = GamePicker.entitlements; sourceTree = "<group>"; };
		D9983801215D476D00D8ECC7 /* Tutorial.storyboard */ = {isa = PBXFileReference; lastKnownFileType = file.storyboard; path = Tutorial.storyboard; sourceTree = "<group>"; };
		D9CA35D022183272004C8258 /* User_game.swift */ = {isa = PBXFileReference; lastKnownFileType = sourcecode.swift; path = User_game.swift; sourceTree = "<group>"; };
		D9D802D1221EA40700019D3C /* User_push.swift */ = {isa = PBXFileReference; lastKnownFileType = sourcecode.swift; path = User_push.swift; sourceTree = "<group>"; };
		D9E440EC2153E9620029EA37 /* Register.storyboard */ = {isa = PBXFileReference; lastKnownFileType = file.storyboard; path = Register.storyboard; sourceTree = "<group>"; };
		D9F2A86E21ECF38B0047A49D /* Center_logout.xib */ = {isa = PBXFileReference; lastKnownFileType = file.xib; path = Center_logout.xib; sourceTree = "<group>"; };
		D9F2A87021ECF3A90047A49D /* Center_score.xib */ = {isa = PBXFileReference; lastKnownFileType = file.xib; path = Center_score.xib; sourceTree = "<group>"; };
/* End PBXFileReference section */

/* Begin PBXFrameworksBuildPhase section */
		34FF48FC214266D20043EF1B /* Frameworks */ = {
			isa = PBXFrameworksBuildPhase;
			buildActionMask = 2147483647;
			files = (
				9457636474798020FFFE676E /* Pods_GamePicker.framework in Frameworks */,
			);
			runOnlyForDeploymentPostprocessing = 0;
		};
/* End PBXFrameworksBuildPhase section */

/* Begin PBXGroup section */
		34FF48F6214266D20043EF1B = {
			isa = PBXGroup;
			children = (
				34FF4901214266D20043EF1B /* GamePicker */,
				34FF4900214266D20043EF1B /* Products */,
				A0C7A287676DC39F5E8CF56D /* Pods */,
				7F7733CA608B5BB2D92E184A /* Frameworks */,
			);
			sourceTree = "<group>";
		};
		34FF4900214266D20043EF1B /* Products */ = {
			isa = PBXGroup;
			children = (
				34FF48FF214266D20043EF1B /* GamePicker.app */,
			);
			name = Products;
			sourceTree = "<group>";
		};
		34FF4901214266D20043EF1B /* GamePicker */ = {
			isa = PBXGroup;
			children = (
				D995AEFA21F05001007C0265 /* GamePicker.entitlements */,
				D995AEF821F04E6B007C0265 /* GoogleService-Info.plist */,
				34FF495A214268DF0043EF1B /* Info.plist */,
				34FF496C2142B6D30043EF1B /* Resource */,
				34FF492D214267DC0043EF1B /* Story */,
				D94C99AA22042FD3005590BF /* Script */,
			);
			path = GamePicker;
			sourceTree = "<group>";
		};
		34FF492D214267DC0043EF1B /* Story */ = {
			isa = PBXGroup;
			children = (
				D9F2A86A21ECF3450047A49D /* Custom_alert */,
				D9983801215D476D00D8ECC7 /* Tutorial.storyboard */,
				34FF4954214268930043EF1B /* Main.storyboard */,
				D9E440EC2153E9620029EA37 /* Register.storyboard */,
				D9392F8F222087A800F3C257 /* Refresh_view.xib */,
			);
			path = Story;
			sourceTree = "<group>";
		};
		34FF496C2142B6D30043EF1B /* Resource */ = {
			isa = PBXGroup;
			children = (
				D995AEF221EDF3EE007C0265 /* Assets.xcassets */,
			);
			path = Resource;
			sourceTree = "<group>";
		};
		7F7733CA608B5BB2D92E184A /* Frameworks */ = {
			isa = PBXGroup;
			children = (
				33801FD65AEF2D6A61F5B5B4 /* Pods_GamePicker.framework */,
			);
			name = Frameworks;
			sourceTree = "<group>";
		};
		A0C7A287676DC39F5E8CF56D /* Pods */ = {
			isa = PBXGroup;
			children = (
				8108C77201ECB1DC63FA09D7 /* Pods-GamePicker.debug.xcconfig */,
				1672F286A82ED2EE47319908 /* Pods-GamePicker.release.xcconfig */,
			);
			name = Pods;
			sourceTree = "<group>";
		};
		D94C99AA22042FD3005590BF /* Script */ = {
			isa = PBXGroup;
			children = (
				D94C99C5220430A4005590BF /* First.swift */,
				D94C99AB22042FE5005590BF /* Main */,
				D94C99AC22042FED005590BF /* Community */,
				D94C99AD22043003005590BF /* Profile */,
				D94C99F22204314C005590BF /* Tutorial */,
				D94C99AE2204300A005590BF /* Register */,
				D94C99AF22043010005590BF /* Etc */,
			);
			path = Script;
			sourceTree = "<group>";
		};
		D94C99AB22042FE5005590BF /* Main */ = {
			isa = PBXGroup;
			children = (
				D94C99D5220430F4005590BF /* Main.swift */,
				D94C99D7220430F9005590BF /* Main_cell.swift */,
				D94C99D9220430FD005590BF /* Main_VO.swift */,
				D94C99C8220430B5005590BF /* Game_search */,
				D94C99C7220430AD005590BF /* Game_info */,
			);
			path = Main;
			sourceTree = "<group>";
		};
		D94C99AC22042FED005590BF /* Community */ = {
			isa = PBXGroup;
			children = (
				D94C99B92204305C005590BF /* Community.swift */,
				D94C99BB22043060005590BF /* Community_cell.swift */,
				D94C99BD22043065005590BF /* Community_VO.swift */,
				D94C99DB22043108005590BF /* List */,
				D94C99B82204304D005590BF /* Write */,
				D94C99B722043044005590BF /* Read */,
			);
			path = Community;
			sourceTree = "<group>";
		};
		D94C99AD22043003005590BF /* Profile */ = {
			isa = PBXGroup;
			children = (
				D94C99E822043138005590BF /* Profile.swift */,
				D94C99E622043134005590BF /* Profile_edit.swift */,
				D94C99D1220430EC005590BF /* Login.swift */,
				D94C99D3220430EF005590BF /* Logout.swift */,
				D9CA35D022183272004C8258 /* User_game.swift */,
			);
			path = Profile;
			sourceTree = "<group>";
		};
		D94C99AE2204300A005590BF /* Register */ = {
			isa = PBXGroup;
			children = (
				D94C99ED22043144005590BF /* Register_first.swift */,
				D94C99EA22043144005590BF /* Register_second.swift */,
				D94C99EB22043144005590BF /* Register_third.swift */,
				D94C99EC22043144005590BF /* Register_fourth.swift */,
			);
			path = Register;
			sourceTree = "<group>";
		};
		D94C99AF22043010005590BF /* Etc */ = {
			isa = PBXGroup;
			children = (
				D94C99F72204315F005590BF /* Utils.swift */,
				D94C99F82204315F005590BF /* User_stack.swift */,
				D935EEC7221C5F1600F89D85 /* User_message.swift */,
				D9D802D1221EA40700019D3C /* User_push.swift */,
				D94C99C32204309B005590BF /* Custom_alert.swift */,
				D94C99B322043037005590BF /* AppDelegate.swift */,
				D9392F912221961D00F3C257 /* Refresh_view.swift */,
			);
			path = Etc;
			sourceTree = "<group>";
		};
		D94C99B722043044005590BF /* Read */ = {
			isa = PBXGroup;
			children = (
				D94C99E02204311F005590BF /* Post_read.swift */,
				D94C99BF22043090005590BF /* Comment_cell.swift */,
				D94C99C022043090005590BF /* Comment_VO.swift */,
			);
			path = Read;
			sourceTree = "<group>";
		};
		D94C99B82204304D005590BF /* Write */ = {
			isa = PBXGroup;
			children = (
				D94C99E42204312C005590BF /* Post_write.swift */,
			);
			path = Write;
			sourceTree = "<group>";
		};
		D94C99C7220430AD005590BF /* Game_info */ = {
			isa = PBXGroup;
			children = (
				D94C99C9220430CC005590BF /* Game_info.swift */,
			);
			path = Game_info;
			sourceTree = "<group>";
		};
		D94C99C8220430B5005590BF /* Game_search */ = {
			isa = PBXGroup;
			children = (
				D94C99FB220431E5005590BF /* Game_search.swift */,
				D94C99CD220430D7005590BF /* Game_search_cell.swift */,
				D94C99CF220430DD005590BF /* Game_search_VO.swift */,
			);
			path = Game_search;
			sourceTree = "<group>";
		};
		D94C99DB22043108005590BF /* List */ = {
			isa = PBXGroup;
			children = (
				D94C99DC22043116005590BF /* Post_list.swift */,
				D9708726221DE3BB00C260F9 /* Post_VO.swift */,
				D9708728221DE3C600C260F9 /* Post_cell.swift */,
			);
			path = List;
			sourceTree = "<group>";
		};
		D94C99F22204314C005590BF /* Tutorial */ = {
			isa = PBXGroup;
			children = (
				D94C99F322043159005590BF /* TutorialContentsVC.swift */,
				D94C99F422043159005590BF /* TutorialMasterVC.swift */,
			);
			path = Tutorial;
			sourceTree = "<group>";
		};
		D9F2A86A21ECF3450047A49D /* Custom_alert */ = {
			isa = PBXGroup;
			children = (
				D980557921E51B1900B9B79A /* Bottom_red.xib */,
				D9F2A86E21ECF38B0047A49D /* Center_logout.xib */,
				D9F2A87021ECF3A90047A49D /* Center_score.xib */,
			);
			path = Custom_alert;
			sourceTree = "<group>";
		};
/* End PBXGroup section */

/* Begin PBXNativeTarget section */
		34FF48FE214266D20043EF1B /* GamePicker */ = {
			isa = PBXNativeTarget;
			buildConfigurationList = 34FF4911214266D20043EF1B /* Build configuration list for PBXNativeTarget "GamePicker" */;
			buildPhases = (
				6FC14A65380D89665A11E046 /* [CP] Check Pods Manifest.lock */,
				34FF48FB214266D20043EF1B /* Sources */,
				34FF48FC214266D20043EF1B /* Frameworks */,
				34FF48FD214266D20043EF1B /* Resources */,
				DACA1A5B4B81F5025FED0FEF /* [CP] Embed Pods Frameworks */,
			);
			buildRules = (
			);
			dependencies = (
			);
			name = GamePicker;
			productName = GamePicker;
			productReference = 34FF48FF214266D20043EF1B /* GamePicker.app */;
			productType = "com.apple.product-type.application";
		};
/* End PBXNativeTarget section */

/* Begin PBXProject section */
		34FF48F7214266D20043EF1B /* Project object */ = {
			isa = PBXProject;
			attributes = {
				LastSwiftUpdateCheck = 0940;
				LastUpgradeCheck = 0940;
				ORGANIZATIONNAME = "정현민";
				TargetAttributes = {
					34FF48FE214266D20043EF1B = {
						CreatedOnToolsVersion = 9.4.1;
						LastSwiftMigration = 1010;
						SystemCapabilities = {
							com.apple.BackgroundModes = {
								enabled = 1;
							};
							com.apple.Push = {
								enabled = 1;
							};
							com.apple.SafariKeychain = {
								enabled = 0;
							};
						};
					};
				};
			};
			buildConfigurationList = 34FF48FA214266D20043EF1B /* Build configuration list for PBXProject "GamePicker" */;
			compatibilityVersion = "Xcode 9.3";
			developmentRegion = en;
			hasScannedForEncodings = 0;
			knownRegions = (
				en,
				Base,
			);
			mainGroup = 34FF48F6214266D20043EF1B;
			productRefGroup = 34FF4900214266D20043EF1B /* Products */;
			projectDirPath = "";
			projectRoot = "";
			targets = (
				34FF48FE214266D20043EF1B /* GamePicker */,
			);
		};
/* End PBXProject section */

/* Begin PBXResourcesBuildPhase section */
		34FF48FD214266D20043EF1B /* Resources */ = {
			isa = PBXResourcesBuildPhase;
			buildActionMask = 2147483647;
			files = (
				D995AEF921F04E6B007C0265 /* GoogleService-Info.plist in Resources */,
				D9E440ED2153E9620029EA37 /* Register.storyboard in Resources */,
				34FF4956214268930043EF1B /* Main.storyboard in Resources */,
				D9F2A86F21ECF38B0047A49D /* Center_logout.xib in Resources */,
				D980557A21E51B1900B9B79A /* Bottom_red.xib in Resources */,
				D9983802215D476D00D8ECC7 /* Tutorial.storyboard in Resources */,
				D995AEF321EDF3EF007C0265 /* Assets.xcassets in Resources */,
				D9F2A87121ECF3A90047A49D /* Center_score.xib in Resources */,
				D9392F90222087A800F3C257 /* Refresh_view.xib in Resources */,
			);
			runOnlyForDeploymentPostprocessing = 0;
		};
/* End PBXResourcesBuildPhase section */

/* Begin PBXShellScriptBuildPhase section */
		6FC14A65380D89665A11E046 /* [CP] Check Pods Manifest.lock */ = {
			isa = PBXShellScriptBuildPhase;
			buildActionMask = 2147483647;
			files = (
			);
			inputPaths = (
				"${PODS_PODFILE_DIR_PATH}/Podfile.lock",
				"${PODS_ROOT}/Manifest.lock",
			);
			name = "[CP] Check Pods Manifest.lock";
			outputPaths = (
				"$(DERIVED_FILE_DIR)/Pods-GamePicker-checkManifestLockResult.txt",
			);
			runOnlyForDeploymentPostprocessing = 0;
			shellPath = /bin/sh;
			shellScript = "diff \"${PODS_PODFILE_DIR_PATH}/Podfile.lock\" \"${PODS_ROOT}/Manifest.lock\" > /dev/null\nif [ $? != 0 ] ; then\n    # print error to STDERR\n    echo \"error: The sandbox is not in sync with the Podfile.lock. Run 'pod install' or update your CocoaPods installation.\" >&2\n    exit 1\nfi\n# This output is used by Xcode 'outputs' to avoid re-running this script phase.\necho \"SUCCESS\" > \"${SCRIPT_OUTPUT_FILE_0}\"\n";
			showEnvVarsInLog = 0;
		};
		DACA1A5B4B81F5025FED0FEF /* [CP] Embed Pods Frameworks */ = {
			isa = PBXShellScriptBuildPhase;
			buildActionMask = 2147483647;
			files = (
			);
			inputFileListPaths = (
			);
			inputPaths = (
				"${SRCROOT}/Pods/Target Support Files/Pods-GamePicker/Pods-GamePicker-frameworks.sh",
				"${BUILT_PRODUCTS_DIR}/Alamofire/Alamofire.framework",
				"${BUILT_PRODUCTS_DIR}/Carte/Carte.framework",
				"${BUILT_PRODUCTS_DIR}/Cosmos/Cosmos.framework",
				"${BUILT_PRODUCTS_DIR}/GoogleUtilities/GoogleUtilities.framework",
				"${BUILT_PRODUCTS_DIR}/Kingfisher/Kingfisher.framework",
				"${BUILT_PRODUCTS_DIR}/Protobuf/Protobuf.framework",
				"${BUILT_PRODUCTS_DIR}/SVPullToRefresh/SVPullToRefresh.framework",
				"${BUILT_PRODUCTS_DIR}/SwiftMessages/SwiftMessages.framework",
				"${BUILT_PRODUCTS_DIR}/SwiftyJSON/SwiftyJSON.framework",
				"${BUILT_PRODUCTS_DIR}/TransitionButton/TransitionButton.framework",
				"${BUILT_PRODUCTS_DIR}/nanopb/nanopb.framework",
				"${BUILT_PRODUCTS_DIR}/youtube-ios-player-helper/youtube_ios_player_helper.framework",
			);
			name = "[CP] Embed Pods Frameworks";
			outputFileListPaths = (
			);
			outputPaths = (
				"${TARGET_BUILD_DIR}/${FRAMEWORKS_FOLDER_PATH}/Alamofire.framework",
				"${TARGET_BUILD_DIR}/${FRAMEWORKS_FOLDER_PATH}/Carte.framework",
				"${TARGET_BUILD_DIR}/${FRAMEWORKS_FOLDER_PATH}/Cosmos.framework",
				"${TARGET_BUILD_DIR}/${FRAMEWORKS_FOLDER_PATH}/GoogleUtilities.framework",
				"${TARGET_BUILD_DIR}/${FRAMEWORKS_FOLDER_PATH}/Kingfisher.framework",
				"${TARGET_BUILD_DIR}/${FRAMEWORKS_FOLDER_PATH}/Protobuf.framework",
				"${TARGET_BUILD_DIR}/${FRAMEWORKS_FOLDER_PATH}/SVPullToRefresh.framework",
				"${TARGET_BUILD_DIR}/${FRAMEWORKS_FOLDER_PATH}/SwiftMessages.framework",
				"${TARGET_BUILD_DIR}/${FRAMEWORKS_FOLDER_PATH}/SwiftyJSON.framework",
				"${TARGET_BUILD_DIR}/${FRAMEWORKS_FOLDER_PATH}/TransitionButton.framework",
				"${TARGET_BUILD_DIR}/${FRAMEWORKS_FOLDER_PATH}/nanopb.framework",
				"${TARGET_BUILD_DIR}/${FRAMEWORKS_FOLDER_PATH}/youtube_ios_player_helper.framework",
			);
			runOnlyForDeploymentPostprocessing = 0;
			shellPath = /bin/sh;
			shellScript = "\"${SRCROOT}/Pods/Target Support Files/Pods-GamePicker/Pods-GamePicker-frameworks.sh\"\n";
			showEnvVarsInLog = 0;
		};
/* End PBXShellScriptBuildPhase section */

/* Begin PBXSourcesBuildPhase section */
		34FF48FB214266D20043EF1B /* Sources */ = {
			isa = PBXSourcesBuildPhase;
			buildActionMask = 2147483647;
			files = (
				D94C99EF22043144005590BF /* Register_third.swift in Sources */,
				D9708729221DE3C600C260F9 /* Post_cell.swift in Sources */,
				D94C99B422043037005590BF /* AppDelegate.swift in Sources */,
				D94C99E922043138005590BF /* Profile.swift in Sources */,
				D94C99DA220430FD005590BF /* Main_VO.swift in Sources */,
				D94C99D2220430EC005590BF /* Login.swift in Sources */,
				D94C99BA2204305C005590BF /* Community.swift in Sources */,
				D94C99DE22043117005590BF /* Post_list.swift in Sources */,
				D94C99EE22043144005590BF /* Register_second.swift in Sources */,
				D94C99C42204309B005590BF /* Custom_alert.swift in Sources */,
				D94C99F622043159005590BF /* TutorialMasterVC.swift in Sources */,
				D94C99F522043159005590BF /* TutorialContentsVC.swift in Sources */,
				D94C99D6220430F4005590BF /* Main.swift in Sources */,
				D94C99C222043090005590BF /* Comment_VO.swift in Sources */,
				D94C99CE220430D7005590BF /* Game_search_cell.swift in Sources */,
				D94C99BC22043060005590BF /* Community_cell.swift in Sources */,
				D94C99E52204312C005590BF /* Post_write.swift in Sources */,
				D935EEC8221C5F1600F89D85 /* User_message.swift in Sources */,
				D94C99BE22043065005590BF /* Community_VO.swift in Sources */,
				D94C99C6220430A4005590BF /* First.swift in Sources */,
				D9D802D2221EA40700019D3C /* User_push.swift in Sources */,
				D94C99F92204315F005590BF /* Utils.swift in Sources */,
				D94C99F022043144005590BF /* Register_fourth.swift in Sources */,
				D94C99CA220430CC005590BF /* Game_info.swift in Sources */,
				D94C99D0220430DD005590BF /* Game_search_VO.swift in Sources */,
				D9708727221DE3BB00C260F9 /* Post_VO.swift in Sources */,
				D94C99C122043090005590BF /* Comment_cell.swift in Sources */,
				D94C99E722043134005590BF /* Profile_edit.swift in Sources */,
				D94C99D8220430F9005590BF /* Main_cell.swift in Sources */,
				D94C99FC220431E5005590BF /* Game_search.swift in Sources */,
				D9392F922221961D00F3C257 /* Refresh_view.swift in Sources */,
				D94C99D4220430EF005590BF /* Logout.swift in Sources */,
				D9CA35D122183272004C8258 /* User_game.swift in Sources */,
				D94C99E12204311F005590BF /* Post_read.swift in Sources */,
				D94C99F122043144005590BF /* Register_first.swift in Sources */,
				D94C99FA2204315F005590BF /* User_stack.swift in Sources */,
			);
			runOnlyForDeploymentPostprocessing = 0;
		};
/* End PBXSourcesBuildPhase section */

/* Begin XCBuildConfiguration section */
		34FF490F214266D20043EF1B /* Debug */ = {
			isa = XCBuildConfiguration;
			buildSettings = {
				ALWAYS_SEARCH_USER_PATHS = NO;
				CLANG_ANALYZER_NONNULL = YES;
				CLANG_ANALYZER_NUMBER_OBJECT_CONVERSION = YES_AGGRESSIVE;
				CLANG_CXX_LANGUAGE_STANDARD = "gnu++14";
				CLANG_CXX_LIBRARY = "libc++";
				CLANG_ENABLE_MODULES = YES;
				CLANG_ENABLE_OBJC_ARC = YES;
				CLANG_ENABLE_OBJC_WEAK = YES;
				CLANG_WARN_BLOCK_CAPTURE_AUTORELEASING = YES;
				CLANG_WARN_BOOL_CONVERSION = YES;
				CLANG_WARN_COMMA = YES;
				CLANG_WARN_CONSTANT_CONVERSION = YES;
				CLANG_WARN_DEPRECATED_OBJC_IMPLEMENTATIONS = YES;
				CLANG_WARN_DIRECT_OBJC_ISA_USAGE = YES_ERROR;
				CLANG_WARN_DOCUMENTATION_COMMENTS = YES;
				CLANG_WARN_EMPTY_BODY = YES;
				CLANG_WARN_ENUM_CONVERSION = YES;
				CLANG_WARN_INFINITE_RECURSION = YES;
				CLANG_WARN_INT_CONVERSION = YES;
				CLANG_WARN_NON_LITERAL_NULL_CONVERSION = YES;
				CLANG_WARN_OBJC_IMPLICIT_RETAIN_SELF = YES;
				CLANG_WARN_OBJC_LITERAL_CONVERSION = YES;
				CLANG_WARN_OBJC_ROOT_CLASS = YES_ERROR;
				CLANG_WARN_RANGE_LOOP_ANALYSIS = YES;
				CLANG_WARN_STRICT_PROTOTYPES = YES;
				CLANG_WARN_SUSPICIOUS_MOVE = YES;
				CLANG_WARN_UNGUARDED_AVAILABILITY = YES_AGGRESSIVE;
				CLANG_WARN_UNREACHABLE_CODE = YES;
				CLANG_WARN__DUPLICATE_METHOD_MATCH = YES;
				CODE_SIGN_IDENTITY = "iPhone Developer";
				COPY_PHASE_STRIP = NO;
				DEBUG_INFORMATION_FORMAT = dwarf;
				ENABLE_STRICT_OBJC_MSGSEND = YES;
				ENABLE_TESTABILITY = YES;
				GCC_C_LANGUAGE_STANDARD = gnu11;
				GCC_DYNAMIC_NO_PIC = NO;
				GCC_NO_COMMON_BLOCKS = YES;
				GCC_OPTIMIZATION_LEVEL = 0;
				GCC_PREPROCESSOR_DEFINITIONS = (
					"DEBUG=1",
					"$(inherited)",
				);
				GCC_WARN_64_TO_32_BIT_CONVERSION = YES;
				GCC_WARN_ABOUT_RETURN_TYPE = YES_ERROR;
				GCC_WARN_UNDECLARED_SELECTOR = YES;
				GCC_WARN_UNINITIALIZED_AUTOS = YES_AGGRESSIVE;
				GCC_WARN_UNUSED_FUNCTION = YES;
				GCC_WARN_UNUSED_VARIABLE = YES;
				IPHONEOS_DEPLOYMENT_TARGET = 11.4;
				MTL_ENABLE_DEBUG_INFO = YES;
				ONLY_ACTIVE_ARCH = YES;
				SDKROOT = iphoneos;
				SWIFT_ACTIVE_COMPILATION_CONDITIONS = DEBUG;
				SWIFT_OPTIMIZATION_LEVEL = "-Onone";
			};
			name = Debug;
		};
		34FF4910214266D20043EF1B /* Release */ = {
			isa = XCBuildConfiguration;
			buildSettings = {
				ALWAYS_SEARCH_USER_PATHS = NO;
				CLANG_ANALYZER_NONNULL = YES;
				CLANG_ANALYZER_NUMBER_OBJECT_CONVERSION = YES_AGGRESSIVE;
				CLANG_CXX_LANGUAGE_STANDARD = "gnu++14";
				CLANG_CXX_LIBRARY = "libc++";
				CLANG_ENABLE_MODULES = YES;
				CLANG_ENABLE_OBJC_ARC = YES;
				CLANG_ENABLE_OBJC_WEAK = YES;
				CLANG_WARN_BLOCK_CAPTURE_AUTORELEASING = YES;
				CLANG_WARN_BOOL_CONVERSION = YES;
				CLANG_WARN_COMMA = YES;
				CLANG_WARN_CONSTANT_CONVERSION = YES;
				CLANG_WARN_DEPRECATED_OBJC_IMPLEMENTATIONS = YES;
				CLANG_WARN_DIRECT_OBJC_ISA_USAGE = YES_ERROR;
				CLANG_WARN_DOCUMENTATION_COMMENTS = YES;
				CLANG_WARN_EMPTY_BODY = YES;
				CLANG_WARN_ENUM_CONVERSION = YES;
				CLANG_WARN_INFINITE_RECURSION = YES;
				CLANG_WARN_INT_CONVERSION = YES;
				CLANG_WARN_NON_LITERAL_NULL_CONVERSION = YES;
				CLANG_WARN_OBJC_IMPLICIT_RETAIN_SELF = YES;
				CLANG_WARN_OBJC_LITERAL_CONVERSION = YES;
				CLANG_WARN_OBJC_ROOT_CLASS = YES_ERROR;
				CLANG_WARN_RANGE_LOOP_ANALYSIS = YES;
				CLANG_WARN_STRICT_PROTOTYPES = YES;
				CLANG_WARN_SUSPICIOUS_MOVE = YES;
				CLANG_WARN_UNGUARDED_AVAILABILITY = YES_AGGRESSIVE;
				CLANG_WARN_UNREACHABLE_CODE = YES;
				CLANG_WARN__DUPLICATE_METHOD_MATCH = YES;
				CODE_SIGN_IDENTITY = "iPhone Developer";
				COPY_PHASE_STRIP = NO;
				DEBUG_INFORMATION_FORMAT = "dwarf-with-dsym";
				ENABLE_NS_ASSERTIONS = NO;
				ENABLE_STRICT_OBJC_MSGSEND = YES;
				GCC_C_LANGUAGE_STANDARD = gnu11;
				GCC_NO_COMMON_BLOCKS = YES;
				GCC_WARN_64_TO_32_BIT_CONVERSION = YES;
				GCC_WARN_ABOUT_RETURN_TYPE = YES_ERROR;
				GCC_WARN_UNDECLARED_SELECTOR = YES;
				GCC_WARN_UNINITIALIZED_AUTOS = YES_AGGRESSIVE;
				GCC_WARN_UNUSED_FUNCTION = YES;
				GCC_WARN_UNUSED_VARIABLE = YES;
				IPHONEOS_DEPLOYMENT_TARGET = 11.4;
				MTL_ENABLE_DEBUG_INFO = NO;
				SDKROOT = iphoneos;
				SWIFT_COMPILATION_MODE = wholemodule;
				SWIFT_OPTIMIZATION_LEVEL = "-O";
				VALIDATE_PRODUCT = YES;
			};
			name = Release;
		};
		34FF4912214266D20043EF1B /* Debug */ = {
			isa = XCBuildConfiguration;
			baseConfigurationReference = 8108C77201ECB1DC63FA09D7 /* Pods-GamePicker.debug.xcconfig */;
			buildSettings = {
				ASSETCATALOG_COMPILER_APPICON_NAME = AppIcon;
				CLANG_ENABLE_MODULES = YES;
				CODE_SIGN_ENTITLEMENTS = GamePicker/GamePicker.entitlements;
				CODE_SIGN_IDENTITY = "iPhone Developer";
				CODE_SIGN_STYLE = Automatic;
				DEVELOPMENT_TEAM = Z5N3C87Q5Q;
				GCC_OPTIMIZATION_LEVEL = s;
				INFOPLIST_FILE = GamePicker/Info.plist;
				IPHONEOS_DEPLOYMENT_TARGET = 12.1;
				LD_RUNPATH_SEARCH_PATHS = (
					"$(inherited)",
					"@executable_path/Frameworks",
				);
				PRODUCT_BUNDLE_IDENTIFIER = GP.GamePicker.jhm;
				PRODUCT_NAME = "$(TARGET_NAME)";
				PROVISIONING_PROFILE_SPECIFIER = "";
				SWIFT_OBJC_BRIDGING_HEADER = "";
				SWIFT_OPTIMIZATION_LEVEL = "-Onone";
				SWIFT_VERSION = 4.2;
				TARGETED_DEVICE_FAMILY = 1;
			};
			name = Debug;
		};
		34FF4913214266D20043EF1B /* Release */ = {
			isa = XCBuildConfiguration;
			baseConfigurationReference = 1672F286A82ED2EE47319908 /* Pods-GamePicker.release.xcconfig */;
			buildSettings = {
				ASSETCATALOG_COMPILER_APPICON_NAME = AppIcon;
				CLANG_ENABLE_MODULES = YES;
				CODE_SIGN_ENTITLEMENTS = GamePicker/GamePicker.entitlements;
				CODE_SIGN_IDENTITY = "iPhone Developer";
				CODE_SIGN_STYLE = Automatic;
				DEVELOPMENT_TEAM = Z5N3C87Q5Q;
				INFOPLIST_FILE = GamePicker/Info.plist;
				IPHONEOS_DEPLOYMENT_TARGET = 12.1;
				LD_RUNPATH_SEARCH_PATHS = (
					"$(inherited)",
					"@executable_path/Frameworks",
				);
				PRODUCT_BUNDLE_IDENTIFIER = GP.GamePicker.jhm;
				PRODUCT_NAME = "$(TARGET_NAME)";
				PROVISIONING_PROFILE_SPECIFIER = "";
				SWIFT_OBJC_BRIDGING_HEADER = "";
				SWIFT_VERSION = 4.2;
				TARGETED_DEVICE_FAMILY = 1;
			};
			name = Release;
		};
/* End XCBuildConfiguration section */

/* Begin XCConfigurationList section */
		34FF48FA214266D20043EF1B /* Build configuration list for PBXProject "GamePicker" */ = {
			isa = XCConfigurationList;
			buildConfigurations = (
				34FF490F214266D20043EF1B /* Debug */,
				34FF4910214266D20043EF1B /* Release */,
			);
			defaultConfigurationIsVisible = 0;
			defaultConfigurationName = Release;
		};
		34FF4911214266D20043EF1B /* Build configuration list for PBXNativeTarget "GamePicker" */ = {
			isa = XCConfigurationList;
			buildConfigurations = (
				34FF4912214266D20043EF1B /* Debug */,
				34FF4913214266D20043EF1B /* Release */,
			);
			defaultConfigurationIsVisible = 0;
			defaultConfigurationName = Release;
		};
/* End XCConfigurationList section */
	};
	rootObject = 34FF48F7214266D20043EF1B /* Project object */;
}
