// !$*UTF8*$!
{
	archiveVersion = 1;
	classes = {
	};
	objectVersion = 50;
	objects = {

/* Begin PBXBuildFile section */
		34FF4946214268640043EF1B /* AppDelegate.swift in Sources */ = {isa = PBXBuildFile; fileRef = 34FF4945214268640043EF1B /* AppDelegate.swift */; };
		34FF494E2142687A0043EF1B /* Profile.swift in Sources */ = {isa = PBXBuildFile; fileRef = 34FF494A2142687A0043EF1B /* Profile.swift */; };
		34FF4952214268830043EF1B /* Logout.swift in Sources */ = {isa = PBXBuildFile; fileRef = 34FF4950214268830043EF1B /* Logout.swift */; };
		34FF4955214268930043EF1B /* Loading.storyboard in Resources */ = {isa = PBXBuildFile; fileRef = 34FF4953214268930043EF1B /* Loading.storyboard */; };
		34FF4956214268930043EF1B /* Main.storyboard in Resources */ = {isa = PBXBuildFile; fileRef = 34FF4954214268930043EF1B /* Main.storyboard */; };
		9457636474798020FFFE676E /* Pods_GamePicker.framework in Frameworks */ = {isa = PBXBuildFile; fileRef = 33801FD65AEF2D6A61F5B5B4 /* Pods_GamePicker.framework */; };
		D900FB1C21918C7D00E8594E /* Comment_VO.swift in Sources */ = {isa = PBXBuildFile; fileRef = D900FB1B21918C7D00E8594E /* Comment_VO.swift */; };
		D9082BAB2163B29600C87C74 /* Game_search.swift in Sources */ = {isa = PBXBuildFile; fileRef = D9082BAA2163B29600C87C74 /* Game_search.swift */; };
		D90DA73C2154CEEF00E6AF41 /* Register_fourth.swift in Sources */ = {isa = PBXBuildFile; fileRef = D90DA73B2154CEEF00E6AF41 /* Register_fourth.swift */; };
		D90DCDC321D7E5EB00D7E480 /* Main_VO.swift in Sources */ = {isa = PBXBuildFile; fileRef = D90DCDC221D7E5EB00D7E480 /* Main_VO.swift */; };
		D9191E7C21DF880B0069FE2B /* Com_cell.swift in Sources */ = {isa = PBXBuildFile; fileRef = D9191E7B21DF880B0069FE2B /* Com_cell.swift */; };
		D9191E7E21DF884B0069FE2B /* Com_VO.swift in Sources */ = {isa = PBXBuildFile; fileRef = D9191E7D21DF884B0069FE2B /* Com_VO.swift */; };
		D91EB71B2155457C00082927 /* Login.swift in Sources */ = {isa = PBXBuildFile; fileRef = D91EB71A2155457C00082927 /* Login.swift */; };
		D92262AA21D5FF8D005A1520 /* Main_card.swift in Sources */ = {isa = PBXBuildFile; fileRef = D92262A921D5FF8D005A1520 /* Main_card.swift */; };
		D92262AC21D6174B005A1520 /* Logo_white.png in Resources */ = {isa = PBXBuildFile; fileRef = D92262AB21D6174A005A1520 /* Logo_white.png */; };
		D92262CE21D6473B005A1520 /* Com_card.swift in Sources */ = {isa = PBXBuildFile; fileRef = D92262CD21D6473B005A1520 /* Com_card.swift */; };
		D92262D221D754E9005A1520 /* Game_info.swift in Sources */ = {isa = PBXBuildFile; fileRef = D92262D121D754E9005A1520 /* Game_info.swift */; };
		D92262D521D7A99B005A1520 /* Main_cell.swift in Sources */ = {isa = PBXBuildFile; fileRef = D92262D421D7A99B005A1520 /* Main_cell.swift */; };
		D94EADDF217CA2B0005BCE76 /* Game_search_cell.swift in Sources */ = {isa = PBXBuildFile; fileRef = D94EADDE217CA2B0005BCE76 /* Game_search_cell.swift */; };
		D94EADE2217CD10E005BCE76 /* Game_VO.swift in Sources */ = {isa = PBXBuildFile; fileRef = D94EADE1217CD10E005BCE76 /* Game_VO.swift */; };
		D9570859219135EE0027E619 /* Comment_cell.swift in Sources */ = {isa = PBXBuildFile; fileRef = D9570858219135EE0027E619 /* Comment_cell.swift */; };
		D9572448219BE7E7004630EA /* Post_cell.swift in Sources */ = {isa = PBXBuildFile; fileRef = D9572447219BE7E7004630EA /* Post_cell.swift */; };
		D957244A219BF7F3004630EA /* Post_VO.swift in Sources */ = {isa = PBXBuildFile; fileRef = D9572449219BF7F3004630EA /* Post_VO.swift */; };
		D96D057121ABA61900BA4FBA /* Register_first.swift in Sources */ = {isa = PBXBuildFile; fileRef = D96D057021ABA61900BA4FBA /* Register_first.swift */; };
		D97AF20221ABF25300EB4C5A /* img_logo_red.png in Resources */ = {isa = PBXBuildFile; fileRef = D97AF20121ABF25300EB4C5A /* img_logo_red.png */; };
		D980557A21E51B1900B9B79A /* Bottom_red.xib in Resources */ = {isa = PBXBuildFile; fileRef = D980557921E51B1900B9B79A /* Bottom_red.xib */; };
		D980557E21E52B8000B9B79A /* ic_close_white.png in Resources */ = {isa = PBXBuildFile; fileRef = D980557D21E52B8000B9B79A /* ic_close_white.png */; };
		D995AEF321EDF3EF007C0265 /* Assets.xcassets in Resources */ = {isa = PBXBuildFile; fileRef = D995AEF221EDF3EE007C0265 /* Assets.xcassets */; };
		D995AEF921F04E6B007C0265 /* GoogleService-Info.plist in Resources */ = {isa = PBXBuildFile; fileRef = D995AEF821F04E6B007C0265 /* GoogleService-Info.plist */; };
		D9983802215D476D00D8ECC7 /* Tutorial.storyboard in Resources */ = {isa = PBXBuildFile; fileRef = D9983801215D476D00D8ECC7 /* Tutorial.storyboard */; };
		D9983809215D528500D8ECC7 /* Utils.swift in Sources */ = {isa = PBXBuildFile; fileRef = D9983808215D528500D8ECC7 /* Utils.swift */; };
		D998380E215D53C800D8ECC7 /* TutorialContentsVC.swift in Sources */ = {isa = PBXBuildFile; fileRef = D998380C215D53C800D8ECC7 /* TutorialContentsVC.swift */; };
		D998380F215D53C800D8ECC7 /* TutorialMasterVC.swift in Sources */ = {isa = PBXBuildFile; fileRef = D998380D215D53C800D8ECC7 /* TutorialMasterVC.swift */; };
		D9A13FA52151EF7A000FBBAD /* Post.swift in Sources */ = {isa = PBXBuildFile; fileRef = D9A13FA42151EF7A000FBBAD /* Post.swift */; };
		D9AC969221F48E630087EBB3 /* Profile_edit.swift in Sources */ = {isa = PBXBuildFile; fileRef = D9AC969121F48E630087EBB3 /* Profile_edit.swift */; };
		D9BA17F321DE0EEE00092F99 /* Register_third.swift in Sources */ = {isa = PBXBuildFile; fileRef = D9BA17F221DE0EEE00092F99 /* Register_third.swift */; };
		D9DD260221E4FAFF008324C8 /* Custom_alert.swift in Sources */ = {isa = PBXBuildFile; fileRef = D9DD260121E4FAFF008324C8 /* Custom_alert.swift */; };
		D9E0DD7321A99CF6005A7B7E /* img_intro_bg.jpg in Resources */ = {isa = PBXBuildFile; fileRef = D9E0DD7221A99CF6005A7B7E /* img_intro_bg.jpg */; };
		D9E440ED2153E9620029EA37 /* Register.storyboard in Resources */ = {isa = PBXBuildFile; fileRef = D9E440EC2153E9620029EA37 /* Register.storyboard */; };
		D9E440F32154A6060029EA37 /* Register_second.swift in Sources */ = {isa = PBXBuildFile; fileRef = D9E440F22154A6060029EA37 /* Register_second.swift */; };
		D9EA1DDA21F88CC400E73E6B /* Post_read1.swift in Sources */ = {isa = PBXBuildFile; fileRef = D9EA1DD921F88CC400E73E6B /* Post_read1.swift */; };
		D9EA1DDC21F88D0A00E73E6B /* Post_read.swift in Sources */ = {isa = PBXBuildFile; fileRef = D9EA1DDB21F88D0A00E73E6B /* Post_read.swift */; };
		D9F2A86F21ECF38B0047A49D /* Center_logout.xib in Resources */ = {isa = PBXBuildFile; fileRef = D9F2A86E21ECF38B0047A49D /* Center_logout.xib */; };
		D9F2A87121ECF3A90047A49D /* Center_score.xib in Resources */ = {isa = PBXBuildFile; fileRef = D9F2A87021ECF3A90047A49D /* Center_score.xib */; };
		D9F76233219EDBE200C9639B /* Post_write.swift in Sources */ = {isa = PBXBuildFile; fileRef = D9F76232219EDBE200C9639B /* Post_write.swift */; };
/* End PBXBuildFile section */

/* Begin PBXFileReference section */
		1672F286A82ED2EE47319908 /* Pods-GamePicker.release.xcconfig */ = {isa = PBXFileReference; includeInIndex = 1; lastKnownFileType = text.xcconfig; name = "Pods-GamePicker.release.xcconfig"; path = "Pods/Target Support Files/Pods-GamePicker/Pods-GamePicker.release.xcconfig"; sourceTree = "<group>"; };
		33801FD65AEF2D6A61F5B5B4 /* Pods_GamePicker.framework */ = {isa = PBXFileReference; explicitFileType = wrapper.framework; includeInIndex = 0; path = Pods_GamePicker.framework; sourceTree = BUILT_PRODUCTS_DIR; };
		34FF48FF214266D20043EF1B /* GamePicker.app */ = {isa = PBXFileReference; explicitFileType = wrapper.application; includeInIndex = 0; path = GamePicker.app; sourceTree = BUILT_PRODUCTS_DIR; };
		34FF4945214268640043EF1B /* AppDelegate.swift */ = {isa = PBXFileReference; fileEncoding = 4; lastKnownFileType = sourcecode.swift; path = AppDelegate.swift; sourceTree = "<group>"; };
		34FF494A2142687A0043EF1B /* Profile.swift */ = {isa = PBXFileReference; fileEncoding = 4; lastKnownFileType = sourcecode.swift; path = Profile.swift; sourceTree = "<group>"; };
		34FF4950214268830043EF1B /* Logout.swift */ = {isa = PBXFileReference; fileEncoding = 4; lastKnownFileType = sourcecode.swift; path = Logout.swift; sourceTree = "<group>"; };
		34FF4953214268930043EF1B /* Loading.storyboard */ = {isa = PBXFileReference; fileEncoding = 4; lastKnownFileType = file.storyboard; path = Loading.storyboard; sourceTree = "<group>"; };
		34FF4954214268930043EF1B /* Main.storyboard */ = {isa = PBXFileReference; fileEncoding = 4; lastKnownFileType = file.storyboard; path = Main.storyboard; sourceTree = "<group>"; };
		34FF495A214268DF0043EF1B /* Info.plist */ = {isa = PBXFileReference; fileEncoding = 4; lastKnownFileType = text.plist.xml; path = Info.plist; sourceTree = "<group>"; };
		8108C77201ECB1DC63FA09D7 /* Pods-GamePicker.debug.xcconfig */ = {isa = PBXFileReference; includeInIndex = 1; lastKnownFileType = text.xcconfig; name = "Pods-GamePicker.debug.xcconfig"; path = "Pods/Target Support Files/Pods-GamePicker/Pods-GamePicker.debug.xcconfig"; sourceTree = "<group>"; };
		D900FB1B21918C7D00E8594E /* Comment_VO.swift */ = {isa = PBXFileReference; lastKnownFileType = sourcecode.swift; path = Comment_VO.swift; sourceTree = "<group>"; };
		D9082BAA2163B29600C87C74 /* Game_search.swift */ = {isa = PBXFileReference; lastKnownFileType = sourcecode.swift; path = Game_search.swift; sourceTree = "<group>"; };
		D90DA73B2154CEEF00E6AF41 /* Register_fourth.swift */ = {isa = PBXFileReference; lastKnownFileType = sourcecode.swift; path = Register_fourth.swift; sourceTree = "<group>"; };
		D90DCDC221D7E5EB00D7E480 /* Main_VO.swift */ = {isa = PBXFileReference; lastKnownFileType = sourcecode.swift; path = Main_VO.swift; sourceTree = "<group>"; };
		D9191E7B21DF880B0069FE2B /* Com_cell.swift */ = {isa = PBXFileReference; lastKnownFileType = sourcecode.swift; path = Com_cell.swift; sourceTree = "<group>"; };
		D9191E7D21DF884B0069FE2B /* Com_VO.swift */ = {isa = PBXFileReference; lastKnownFileType = sourcecode.swift; path = Com_VO.swift; sourceTree = "<group>"; };
		D91EB71A2155457C00082927 /* Login.swift */ = {isa = PBXFileReference; lastKnownFileType = sourcecode.swift; path = Login.swift; sourceTree = "<group>"; };
		D92262A921D5FF8D005A1520 /* Main_card.swift */ = {isa = PBXFileReference; lastKnownFileType = sourcecode.swift; path = Main_card.swift; sourceTree = "<group>"; };
		D92262AB21D6174A005A1520 /* Logo_white.png */ = {isa = PBXFileReference; lastKnownFileType = image.png; path = Logo_white.png; sourceTree = "<group>"; };
		D92262CD21D6473B005A1520 /* Com_card.swift */ = {isa = PBXFileReference; lastKnownFileType = sourcecode.swift; path = Com_card.swift; sourceTree = "<group>"; };
		D92262D121D754E9005A1520 /* Game_info.swift */ = {isa = PBXFileReference; lastKnownFileType = sourcecode.swift; path = Game_info.swift; sourceTree = "<group>"; };
		D92262D421D7A99B005A1520 /* Main_cell.swift */ = {isa = PBXFileReference; lastKnownFileType = sourcecode.swift; path = Main_cell.swift; sourceTree = "<group>"; };
		D94EADDE217CA2B0005BCE76 /* Game_search_cell.swift */ = {isa = PBXFileReference; lastKnownFileType = sourcecode.swift; path = Game_search_cell.swift; sourceTree = "<group>"; };
		D94EADE1217CD10E005BCE76 /* Game_VO.swift */ = {isa = PBXFileReference; lastKnownFileType = sourcecode.swift; path = Game_VO.swift; sourceTree = "<group>"; };
		D9570858219135EE0027E619 /* Comment_cell.swift */ = {isa = PBXFileReference; lastKnownFileType = sourcecode.swift; path = Comment_cell.swift; sourceTree = "<group>"; };
		D9572447219BE7E7004630EA /* Post_cell.swift */ = {isa = PBXFileReference; lastKnownFileType = sourcecode.swift; path = Post_cell.swift; sourceTree = "<group>"; };
		D9572449219BF7F3004630EA /* Post_VO.swift */ = {isa = PBXFileReference; lastKnownFileType = sourcecode.swift; path = Post_VO.swift; sourceTree = "<group>"; };
		D96D057021ABA61900BA4FBA /* Register_first.swift */ = {isa = PBXFileReference; lastKnownFileType = sourcecode.swift; path = Register_first.swift; sourceTree = "<group>"; };
		D97AF20121ABF25300EB4C5A /* img_logo_red.png */ = {isa = PBXFileReference; lastKnownFileType = image.png; path = img_logo_red.png; sourceTree = "<group>"; };
		D980557921E51B1900B9B79A /* Bottom_red.xib */ = {isa = PBXFileReference; lastKnownFileType = file.xib; path = Bottom_red.xib; sourceTree = "<group>"; };
		D980557D21E52B8000B9B79A /* ic_close_white.png */ = {isa = PBXFileReference; lastKnownFileType = image.png; path = ic_close_white.png; sourceTree = "<group>"; };
		D995AEF221EDF3EE007C0265 /* Assets.xcassets */ = {isa = PBXFileReference; lastKnownFileType = folder.assetcatalog; path = Assets.xcassets; sourceTree = "<group>"; };
		D995AEF821F04E6B007C0265 /* GoogleService-Info.plist */ = {isa = PBXFileReference; fileEncoding = 4; lastKnownFileType = text.plist.xml; path = "GoogleService-Info.plist"; sourceTree = "<group>"; };
		D995AEFA21F05001007C0265 /* GamePicker.entitlements */ = {isa = PBXFileReference; lastKnownFileType = text.plist.entitlements; path = GamePicker.entitlements; sourceTree = "<group>"; };
		D9983801215D476D00D8ECC7 /* Tutorial.storyboard */ = {isa = PBXFileReference; lastKnownFileType = file.storyboard; path = Tutorial.storyboard; sourceTree = "<group>"; };
		D9983808215D528500D8ECC7 /* Utils.swift */ = {isa = PBXFileReference; lastKnownFileType = sourcecode.swift; path = Utils.swift; sourceTree = "<group>"; };
		D998380C215D53C800D8ECC7 /* TutorialContentsVC.swift */ = {isa = PBXFileReference; fileEncoding = 4; lastKnownFileType = sourcecode.swift; path = TutorialContentsVC.swift; sourceTree = "<group>"; };
		D998380D215D53C800D8ECC7 /* TutorialMasterVC.swift */ = {isa = PBXFileReference; fileEncoding = 4; lastKnownFileType = sourcecode.swift; path = TutorialMasterVC.swift; sourceTree = "<group>"; };
		D9A13FA42151EF7A000FBBAD /* Post.swift */ = {isa = PBXFileReference; lastKnownFileType = sourcecode.swift; path = Post.swift; sourceTree = "<group>"; };
		D9AC969121F48E630087EBB3 /* Profile_edit.swift */ = {isa = PBXFileReference; lastKnownFileType = sourcecode.swift; path = Profile_edit.swift; sourceTree = "<group>"; };
		D9BA17F221DE0EEE00092F99 /* Register_third.swift */ = {isa = PBXFileReference; lastKnownFileType = sourcecode.swift; path = Register_third.swift; sourceTree = "<group>"; };
		D9DD260121E4FAFF008324C8 /* Custom_alert.swift */ = {isa = PBXFileReference; lastKnownFileType = sourcecode.swift; path = Custom_alert.swift; sourceTree = "<group>"; };
		D9E0DD7221A99CF6005A7B7E /* img_intro_bg.jpg */ = {isa = PBXFileReference; lastKnownFileType = image.jpeg; path = img_intro_bg.jpg; sourceTree = "<group>"; };
		D9E440EC2153E9620029EA37 /* Register.storyboard */ = {isa = PBXFileReference; lastKnownFileType = file.storyboard; path = Register.storyboard; sourceTree = "<group>"; };
		D9E440F22154A6060029EA37 /* Register_second.swift */ = {isa = PBXFileReference; lastKnownFileType = sourcecode.swift; path = Register_second.swift; sourceTree = "<group>"; };
		D9EA1DD921F88CC400E73E6B /* Post_read1.swift */ = {isa = PBXFileReference; lastKnownFileType = sourcecode.swift; path = Post_read1.swift; sourceTree = "<group>"; };
		D9EA1DDB21F88D0A00E73E6B /* Post_read.swift */ = {isa = PBXFileReference; lastKnownFileType = sourcecode.swift; path = Post_read.swift; sourceTree = "<group>"; };
		D9F2A86E21ECF38B0047A49D /* Center_logout.xib */ = {isa = PBXFileReference; lastKnownFileType = file.xib; path = Center_logout.xib; sourceTree = "<group>"; };
		D9F2A87021ECF3A90047A49D /* Center_score.xib */ = {isa = PBXFileReference; lastKnownFileType = file.xib; path = Center_score.xib; sourceTree = "<group>"; };
		D9F76232219EDBE200C9639B /* Post_write.swift */ = {isa = PBXFileReference; lastKnownFileType = sourcecode.swift; path = Post_write.swift; sourceTree = "<group>"; };
/* End PBXFileReference section */

/* Begin PBXFrameworksBuildPhase section */
		34FF48FC214266D20043EF1B /* Frameworks */ = {
			isa = PBXFrameworksBuildPhase;
			buildActionMask = 2147483647;
			files = (
				9457636474798020FFFE676E /* Pods_GamePicker.framework in Frameworks */,
			);
			runOnlyForDeploymentPostprocessing = 0;
		};
/* End PBXFrameworksBuildPhase section */

/* Begin PBXGroup section */
		34FF48F6214266D20043EF1B = {
			isa = PBXGroup;
			children = (
				34FF4901214266D20043EF1B /* GamePicker */,
				34FF4900214266D20043EF1B /* Products */,
				A0C7A287676DC39F5E8CF56D /* Pods */,
				7F7733CA608B5BB2D92E184A /* Frameworks */,
			);
			sourceTree = "<group>";
		};
		34FF4900214266D20043EF1B /* Products */ = {
			isa = PBXGroup;
			children = (
				34FF48FF214266D20043EF1B /* GamePicker.app */,
			);
			name = Products;
			sourceTree = "<group>";
		};
		34FF4901214266D20043EF1B /* GamePicker */ = {
			isa = PBXGroup;
			children = (
				D995AEFA21F05001007C0265 /* GamePicker.entitlements */,
				D995AEF821F04E6B007C0265 /* GoogleService-Info.plist */,
				34FF495A214268DF0043EF1B /* Info.plist */,
				34FF496C2142B6D30043EF1B /* Resource */,
				34FF492D214267DC0043EF1B /* Story */,
				34FF492C214267D70043EF1B /* Script */,
			);
			path = GamePicker;
			sourceTree = "<group>";
		};
		34FF492C214267D70043EF1B /* Script */ = {
			isa = PBXGroup;
			children = (
				34FF49422142683D0043EF1B /* Sub */,
				D9983803215D519900D8ECC7 /* Tutorial */,
				D9E440F42154A9580029EA37 /* Register */,
				34FF4941214268370043EF1B /* Prim */,
				34FF4940214268320043EF1B /* Etc */,
			);
			path = Script;
			sourceTree = "<group>";
		};
		34FF492D214267DC0043EF1B /* Story */ = {
			isa = PBXGroup;
			children = (
				D9F2A86A21ECF3450047A49D /* Custom_alert */,
				34FF4953214268930043EF1B /* Loading.storyboard */,
				D9983801215D476D00D8ECC7 /* Tutorial.storyboard */,
				34FF4954214268930043EF1B /* Main.storyboard */,
				D9E440EC2153E9620029EA37 /* Register.storyboard */,
			);
			path = Story;
			sourceTree = "<group>";
		};
		34FF4940214268320043EF1B /* Etc */ = {
			isa = PBXGroup;
			children = (
				34FF4945214268640043EF1B /* AppDelegate.swift */,
				D9DD260121E4FAFF008324C8 /* Custom_alert.swift */,
				D9983808215D528500D8ECC7 /* Utils.swift */,
			);
			path = Etc;
			sourceTree = "<group>";
		};
		34FF4941214268370043EF1B /* Prim */ = {
			isa = PBXGroup;
			children = (
				D92262D321D7A972005A1520 /* Main */,
				D9191E7A21DF87F60069FE2B /* Community */,
				34FF494A2142687A0043EF1B /* Profile.swift */,
			);
			path = Prim;
			sourceTree = "<group>";
		};
		34FF49422142683D0043EF1B /* Sub */ = {
			isa = PBXGroup;
			children = (
				D9572446219BE1B4004630EA /* Post */,
				D90150002180D1B600C0E43F /* Game_info */,
				D94EADE0217CCF82005BCE76 /* Game_search */,
				34FF4950214268830043EF1B /* Logout.swift */,
				D91EB71A2155457C00082927 /* Login.swift */,
				D9AC969121F48E630087EBB3 /* Profile_edit.swift */,
			);
			path = Sub;
			sourceTree = "<group>";
		};
		34FF496C2142B6D30043EF1B /* Resource */ = {
			isa = PBXGroup;
			children = (
				D995AEF221EDF3EE007C0265 /* Assets.xcassets */,
				D9E0DD6B21A99B5F005A7B7E /* Logout */,
				34FF496D2142B6E90043EF1B /* Etc */,
			);
			path = Resource;
			sourceTree = "<group>";
		};
		34FF496D2142B6E90043EF1B /* Etc */ = {
			isa = PBXGroup;
			children = (
				D980557D21E52B8000B9B79A /* ic_close_white.png */,
				D92262AB21D6174A005A1520 /* Logo_white.png */,
			);
			path = Etc;
			sourceTree = "<group>";
		};
		7F7733CA608B5BB2D92E184A /* Frameworks */ = {
			isa = PBXGroup;
			children = (
				33801FD65AEF2D6A61F5B5B4 /* Pods_GamePicker.framework */,
			);
			name = Frameworks;
			sourceTree = "<group>";
		};
		A0C7A287676DC39F5E8CF56D /* Pods */ = {
			isa = PBXGroup;
			children = (
				8108C77201ECB1DC63FA09D7 /* Pods-GamePicker.debug.xcconfig */,
				1672F286A82ED2EE47319908 /* Pods-GamePicker.release.xcconfig */,
			);
			name = Pods;
			sourceTree = "<group>";
		};
		D90150002180D1B600C0E43F /* Game_info */ = {
			isa = PBXGroup;
			children = (
				D9570858219135EE0027E619 /* Comment_cell.swift */,
				D900FB1B21918C7D00E8594E /* Comment_VO.swift */,
				D92262D121D754E9005A1520 /* Game_info.swift */,
			);
			path = Game_info;
			sourceTree = "<group>";
		};
		D9191E7A21DF87F60069FE2B /* Community */ = {
			isa = PBXGroup;
			children = (
				D92262CD21D6473B005A1520 /* Com_card.swift */,
				D9191E7B21DF880B0069FE2B /* Com_cell.swift */,
				D9191E7D21DF884B0069FE2B /* Com_VO.swift */,
			);
			path = Community;
			sourceTree = "<group>";
		};
		D92262D321D7A972005A1520 /* Main */ = {
			isa = PBXGroup;
			children = (
				D92262A921D5FF8D005A1520 /* Main_card.swift */,
				D92262D421D7A99B005A1520 /* Main_cell.swift */,
				D90DCDC221D7E5EB00D7E480 /* Main_VO.swift */,
			);
			path = Main;
			sourceTree = "<group>";
		};
		D94EADE0217CCF82005BCE76 /* Game_search */ = {
			isa = PBXGroup;
			children = (
				D9082BAA2163B29600C87C74 /* Game_search.swift */,
				D94EADDE217CA2B0005BCE76 /* Game_search_cell.swift */,
				D94EADE1217CD10E005BCE76 /* Game_VO.swift */,
			);
			path = Game_search;
			sourceTree = "<group>";
		};
		D9572446219BE1B4004630EA /* Post */ = {
			isa = PBXGroup;
			children = (
				D9A13FA42151EF7A000FBBAD /* Post.swift */,
				D9572447219BE7E7004630EA /* Post_cell.swift */,
				D9572449219BF7F3004630EA /* Post_VO.swift */,
				D9F76232219EDBE200C9639B /* Post_write.swift */,
				D9EA1DD921F88CC400E73E6B /* Post_read1.swift */,
				D9EA1DDB21F88D0A00E73E6B /* Post_read.swift */,
			);
			path = Post;
			sourceTree = "<group>";
		};
		D9983803215D519900D8ECC7 /* Tutorial */ = {
			isa = PBXGroup;
			children = (
				D998380C215D53C800D8ECC7 /* TutorialContentsVC.swift */,
				D998380D215D53C800D8ECC7 /* TutorialMasterVC.swift */,
			);
			path = Tutorial;
			sourceTree = "<group>";
		};
		D9E0DD6B21A99B5F005A7B7E /* Logout */ = {
			isa = PBXGroup;
			children = (
				D9E0DD7221A99CF6005A7B7E /* img_intro_bg.jpg */,
				D97AF20121ABF25300EB4C5A /* img_logo_red.png */,
			);
			path = Logout;
			sourceTree = "<group>";
		};
		D9E440F42154A9580029EA37 /* Register */ = {
			isa = PBXGroup;
			children = (
				D96D057021ABA61900BA4FBA /* Register_first.swift */,
				D9E440F22154A6060029EA37 /* Register_second.swift */,
				D9BA17F221DE0EEE00092F99 /* Register_third.swift */,
				D90DA73B2154CEEF00E6AF41 /* Register_fourth.swift */,
			);
			path = Register;
			sourceTree = "<group>";
		};
		D9F2A86A21ECF3450047A49D /* Custom_alert */ = {
			isa = PBXGroup;
			children = (
				D980557921E51B1900B9B79A /* Bottom_red.xib */,
				D9F2A86E21ECF38B0047A49D /* Center_logout.xib */,
				D9F2A87021ECF3A90047A49D /* Center_score.xib */,
			);
			path = Custom_alert;
			sourceTree = "<group>";
		};
/* End PBXGroup section */

/* Begin PBXNativeTarget section */
		34FF48FE214266D20043EF1B /* GamePicker */ = {
			isa = PBXNativeTarget;
			buildConfigurationList = 34FF4911214266D20043EF1B /* Build configuration list for PBXNativeTarget "GamePicker" */;
			buildPhases = (
				6FC14A65380D89665A11E046 /* [CP] Check Pods Manifest.lock */,
				34FF48FB214266D20043EF1B /* Sources */,
				34FF48FC214266D20043EF1B /* Frameworks */,
				34FF48FD214266D20043EF1B /* Resources */,
				DACA1A5B4B81F5025FED0FEF /* [CP] Embed Pods Frameworks */,
			);
			buildRules = (
			);
			dependencies = (
			);
			name = GamePicker;
			productName = GamePicker;
			productReference = 34FF48FF214266D20043EF1B /* GamePicker.app */;
			productType = "com.apple.product-type.application";
		};
/* End PBXNativeTarget section */

/* Begin PBXProject section */
		34FF48F7214266D20043EF1B /* Project object */ = {
			isa = PBXProject;
			attributes = {
				LastSwiftUpdateCheck = 0940;
				LastUpgradeCheck = 0940;
				ORGANIZATIONNAME = "정현민";
				TargetAttributes = {
					34FF48FE214266D20043EF1B = {
						CreatedOnToolsVersion = 9.4.1;
						LastSwiftMigration = 1000;
						SystemCapabilities = {
							com.apple.BackgroundModes = {
								enabled = 1;
							};
							com.apple.Push = {
								enabled = 1;
							};
						};
					};
				};
			};
			buildConfigurationList = 34FF48FA214266D20043EF1B /* Build configuration list for PBXProject "GamePicker" */;
			compatibilityVersion = "Xcode 9.3";
			developmentRegion = en;
			hasScannedForEncodings = 0;
			knownRegions = (
				en,
				Base,
			);
			mainGroup = 34FF48F6214266D20043EF1B;
			productRefGroup = 34FF4900214266D20043EF1B /* Products */;
			projectDirPath = "";
			projectRoot = "";
			targets = (
				34FF48FE214266D20043EF1B /* GamePicker */,
			);
		};
/* End PBXProject section */

/* Begin PBXResourcesBuildPhase section */
		34FF48FD214266D20043EF1B /* Resources */ = {
			isa = PBXResourcesBuildPhase;
			buildActionMask = 2147483647;
			files = (
				D97AF20221ABF25300EB4C5A /* img_logo_red.png in Resources */,
				D980557E21E52B8000B9B79A /* ic_close_white.png in Resources */,
				D92262AC21D6174B005A1520 /* Logo_white.png in Resources */,
				D995AEF921F04E6B007C0265 /* GoogleService-Info.plist in Resources */,
				D9E440ED2153E9620029EA37 /* Register.storyboard in Resources */,
				34FF4955214268930043EF1B /* Loading.storyboard in Resources */,
				34FF4956214268930043EF1B /* Main.storyboard in Resources */,
				D9F2A86F21ECF38B0047A49D /* Center_logout.xib in Resources */,
				D980557A21E51B1900B9B79A /* Bottom_red.xib in Resources */,
				D9E0DD7321A99CF6005A7B7E /* img_intro_bg.jpg in Resources */,
				D9983802215D476D00D8ECC7 /* Tutorial.storyboard in Resources */,
				D995AEF321EDF3EF007C0265 /* Assets.xcassets in Resources */,
				D9F2A87121ECF3A90047A49D /* Center_score.xib in Resources */,
			);
			runOnlyForDeploymentPostprocessing = 0;
		};
/* End PBXResourcesBuildPhase section */

/* Begin PBXShellScriptBuildPhase section */
		6FC14A65380D89665A11E046 /* [CP] Check Pods Manifest.lock */ = {
			isa = PBXShellScriptBuildPhase;
			buildActionMask = 2147483647;
			files = (
			);
			inputPaths = (
				"${PODS_PODFILE_DIR_PATH}/Podfile.lock",
				"${PODS_ROOT}/Manifest.lock",
			);
			name = "[CP] Check Pods Manifest.lock";
			outputPaths = (
				"$(DERIVED_FILE_DIR)/Pods-GamePicker-checkManifestLockResult.txt",
			);
			runOnlyForDeploymentPostprocessing = 0;
			shellPath = /bin/sh;
			shellScript = "diff \"${PODS_PODFILE_DIR_PATH}/Podfile.lock\" \"${PODS_ROOT}/Manifest.lock\" > /dev/null\nif [ $? != 0 ] ; then\n    # print error to STDERR\n    echo \"error: The sandbox is not in sync with the Podfile.lock. Run 'pod install' or update your CocoaPods installation.\" >&2\n    exit 1\nfi\n# This output is used by Xcode 'outputs' to avoid re-running this script phase.\necho \"SUCCESS\" > \"${SCRIPT_OUTPUT_FILE_0}\"\n";
			showEnvVarsInLog = 0;
		};
		DACA1A5B4B81F5025FED0FEF /* [CP] Embed Pods Frameworks */ = {
			isa = PBXShellScriptBuildPhase;
			buildActionMask = 2147483647;
			files = (
			);
			inputFileListPaths = (
			);
			inputPaths = (
				"${SRCROOT}/Pods/Target Support Files/Pods-GamePicker/Pods-GamePicker-frameworks.sh",
				"${BUILT_PRODUCTS_DIR}/Alamofire/Alamofire.framework",
				"${BUILT_PRODUCTS_DIR}/Cosmos/Cosmos.framework",
				"${BUILT_PRODUCTS_DIR}/GoogleUtilities/GoogleUtilities.framework",
				"${BUILT_PRODUCTS_DIR}/Kingfisher/Kingfisher.framework",
				"${BUILT_PRODUCTS_DIR}/Protobuf/Protobuf.framework",
				"${BUILT_PRODUCTS_DIR}/SwiftMessages/SwiftMessages.framework",
				"${BUILT_PRODUCTS_DIR}/SwiftyJSON/SwiftyJSON.framework",
				"${BUILT_PRODUCTS_DIR}/TransitionButton/TransitionButton.framework",
				"${BUILT_PRODUCTS_DIR}/nanopb/nanopb.framework",
				"${BUILT_PRODUCTS_DIR}/youtube-ios-player-helper/youtube_ios_player_helper.framework",
			);
			name = "[CP] Embed Pods Frameworks";
			outputFileListPaths = (
			);
			outputPaths = (
				"${TARGET_BUILD_DIR}/${FRAMEWORKS_FOLDER_PATH}/Alamofire.framework",
				"${TARGET_BUILD_DIR}/${FRAMEWORKS_FOLDER_PATH}/Cosmos.framework",
				"${TARGET_BUILD_DIR}/${FRAMEWORKS_FOLDER_PATH}/GoogleUtilities.framework",
				"${TARGET_BUILD_DIR}/${FRAMEWORKS_FOLDER_PATH}/Kingfisher.framework",
				"${TARGET_BUILD_DIR}/${FRAMEWORKS_FOLDER_PATH}/Protobuf.framework",
				"${TARGET_BUILD_DIR}/${FRAMEWORKS_FOLDER_PATH}/SwiftMessages.framework",
				"${TARGET_BUILD_DIR}/${FRAMEWORKS_FOLDER_PATH}/SwiftyJSON.framework",
				"${TARGET_BUILD_DIR}/${FRAMEWORKS_FOLDER_PATH}/TransitionButton.framework",
				"${TARGET_BUILD_DIR}/${FRAMEWORKS_FOLDER_PATH}/nanopb.framework",
				"${TARGET_BUILD_DIR}/${FRAMEWORKS_FOLDER_PATH}/youtube_ios_player_helper.framework",
			);
			runOnlyForDeploymentPostprocessing = 0;
			shellPath = /bin/sh;
			shellScript = "\"${SRCROOT}/Pods/Target Support Files/Pods-GamePicker/Pods-GamePicker-frameworks.sh\"\n";
			showEnvVarsInLog = 0;
		};
/* End PBXShellScriptBuildPhase section */

/* Begin PBXSourcesBuildPhase section */
		34FF48FB214266D20043EF1B /* Sources */ = {
			isa = PBXSourcesBuildPhase;
			buildActionMask = 2147483647;
			files = (
				D9E440F32154A6060029EA37 /* Register_second.swift in Sources */,
				D9AC969221F48E630087EBB3 /* Profile_edit.swift in Sources */,
				D9570859219135EE0027E619 /* Comment_cell.swift in Sources */,
				34FF494E2142687A0043EF1B /* Profile.swift in Sources */,
				D9572448219BE7E7004630EA /* Post_cell.swift in Sources */,
				D90DCDC321D7E5EB00D7E480 /* Main_VO.swift in Sources */,
				D998380F215D53C800D8ECC7 /* TutorialMasterVC.swift in Sources */,
				D9082BAB2163B29600C87C74 /* Game_search.swift in Sources */,
				D900FB1C21918C7D00E8594E /* Comment_VO.swift in Sources */,
				D92262CE21D6473B005A1520 /* Com_card.swift in Sources */,
				D92262D521D7A99B005A1520 /* Main_cell.swift in Sources */,
				D9DD260221E4FAFF008324C8 /* Custom_alert.swift in Sources */,
				D9A13FA52151EF7A000FBBAD /* Post.swift in Sources */,
				D9EA1DDC21F88D0A00E73E6B /* Post_read.swift in Sources */,
				D9BA17F321DE0EEE00092F99 /* Register_third.swift in Sources */,
				D92262D221D754E9005A1520 /* Game_info.swift in Sources */,
				D9191E7E21DF884B0069FE2B /* Com_VO.swift in Sources */,
				D90DA73C2154CEEF00E6AF41 /* Register_fourth.swift in Sources */,
				D9191E7C21DF880B0069FE2B /* Com_cell.swift in Sources */,
				D94EADE2217CD10E005BCE76 /* Game_VO.swift in Sources */,
				D9EA1DDA21F88CC400E73E6B /* Post_read1.swift in Sources */,
				D94EADDF217CA2B0005BCE76 /* Game_search_cell.swift in Sources */,
				D957244A219BF7F3004630EA /* Post_VO.swift in Sources */,
				34FF4946214268640043EF1B /* AppDelegate.swift in Sources */,
				D9983809215D528500D8ECC7 /* Utils.swift in Sources */,
				D96D057121ABA61900BA4FBA /* Register_first.swift in Sources */,
				D9F76233219EDBE200C9639B /* Post_write.swift in Sources */,
				D91EB71B2155457C00082927 /* Login.swift in Sources */,
				D92262AA21D5FF8D005A1520 /* Main_card.swift in Sources */,
				34FF4952214268830043EF1B /* Logout.swift in Sources */,
				D998380E215D53C800D8ECC7 /* TutorialContentsVC.swift in Sources */,
			);
			runOnlyForDeploymentPostprocessing = 0;
		};
/* End PBXSourcesBuildPhase section */

/* Begin XCBuildConfiguration section */
		34FF490F214266D20043EF1B /* Debug */ = {
			isa = XCBuildConfiguration;
			buildSettings = {
				ALWAYS_SEARCH_USER_PATHS = NO;
				CLANG_ANALYZER_NONNULL = YES;
				CLANG_ANALYZER_NUMBER_OBJECT_CONVERSION = YES_AGGRESSIVE;
				CLANG_CXX_LANGUAGE_STANDARD = "gnu++14";
				CLANG_CXX_LIBRARY = "libc++";
				CLANG_ENABLE_MODULES = YES;
				CLANG_ENABLE_OBJC_ARC = YES;
				CLANG_ENABLE_OBJC_WEAK = YES;
				CLANG_WARN_BLOCK_CAPTURE_AUTORELEASING = YES;
				CLANG_WARN_BOOL_CONVERSION = YES;
				CLANG_WARN_COMMA = YES;
				CLANG_WARN_CONSTANT_CONVERSION = YES;
				CLANG_WARN_DEPRECATED_OBJC_IMPLEMENTATIONS = YES;
				CLANG_WARN_DIRECT_OBJC_ISA_USAGE = YES_ERROR;
				CLANG_WARN_DOCUMENTATION_COMMENTS = YES;
				CLANG_WARN_EMPTY_BODY = YES;
				CLANG_WARN_ENUM_CONVERSION = YES;
				CLANG_WARN_INFINITE_RECURSION = YES;
				CLANG_WARN_INT_CONVERSION = YES;
				CLANG_WARN_NON_LITERAL_NULL_CONVERSION = YES;
				CLANG_WARN_OBJC_IMPLICIT_RETAIN_SELF = YES;
				CLANG_WARN_OBJC_LITERAL_CONVERSION = YES;
				CLANG_WARN_OBJC_ROOT_CLASS = YES_ERROR;
				CLANG_WARN_RANGE_LOOP_ANALYSIS = YES;
				CLANG_WARN_STRICT_PROTOTYPES = YES;
				CLANG_WARN_SUSPICIOUS_MOVE = YES;
				CLANG_WARN_UNGUARDED_AVAILABILITY = YES_AGGRESSIVE;
				CLANG_WARN_UNREACHABLE_CODE = YES;
				CLANG_WARN__DUPLICATE_METHOD_MATCH = YES;
				CODE_SIGN_IDENTITY = "iPhone Developer";
				COPY_PHASE_STRIP = NO;
				DEBUG_INFORMATION_FORMAT = dwarf;
				ENABLE_STRICT_OBJC_MSGSEND = YES;
				ENABLE_TESTABILITY = YES;
				GCC_C_LANGUAGE_STANDARD = gnu11;
				GCC_DYNAMIC_NO_PIC = NO;
				GCC_NO_COMMON_BLOCKS = YES;
				GCC_OPTIMIZATION_LEVEL = 0;
				GCC_PREPROCESSOR_DEFINITIONS = (
					"DEBUG=1",
					"$(inherited)",
				);
				GCC_WARN_64_TO_32_BIT_CONVERSION = YES;
				GCC_WARN_ABOUT_RETURN_TYPE = YES_ERROR;
				GCC_WARN_UNDECLARED_SELECTOR = YES;
				GCC_WARN_UNINITIALIZED_AUTOS = YES_AGGRESSIVE;
				GCC_WARN_UNUSED_FUNCTION = YES;
				GCC_WARN_UNUSED_VARIABLE = YES;
				IPHONEOS_DEPLOYMENT_TARGET = 11.4;
				MTL_ENABLE_DEBUG_INFO = YES;
				ONLY_ACTIVE_ARCH = YES;
				SDKROOT = iphoneos;
				SWIFT_ACTIVE_COMPILATION_CONDITIONS = DEBUG;
				SWIFT_OPTIMIZATION_LEVEL = "-Onone";
			};
			name = Debug;
		};
		34FF4910214266D20043EF1B /* Release */ = {
			isa = XCBuildConfiguration;
			buildSettings = {
				ALWAYS_SEARCH_USER_PATHS = NO;
				CLANG_ANALYZER_NONNULL = YES;
				CLANG_ANALYZER_NUMBER_OBJECT_CONVERSION = YES_AGGRESSIVE;
				CLANG_CXX_LANGUAGE_STANDARD = "gnu++14";
				CLANG_CXX_LIBRARY = "libc++";
				CLANG_ENABLE_MODULES = YES;
				CLANG_ENABLE_OBJC_ARC = YES;
				CLANG_ENABLE_OBJC_WEAK = YES;
				CLANG_WARN_BLOCK_CAPTURE_AUTORELEASING = YES;
				CLANG_WARN_BOOL_CONVERSION = YES;
				CLANG_WARN_COMMA = YES;
				CLANG_WARN_CONSTANT_CONVERSION = YES;
				CLANG_WARN_DEPRECATED_OBJC_IMPLEMENTATIONS = YES;
				CLANG_WARN_DIRECT_OBJC_ISA_USAGE = YES_ERROR;
				CLANG_WARN_DOCUMENTATION_COMMENTS = YES;
				CLANG_WARN_EMPTY_BODY = YES;
				CLANG_WARN_ENUM_CONVERSION = YES;
				CLANG_WARN_INFINITE_RECURSION = YES;
				CLANG_WARN_INT_CONVERSION = YES;
				CLANG_WARN_NON_LITERAL_NULL_CONVERSION = YES;
				CLANG_WARN_OBJC_IMPLICIT_RETAIN_SELF = YES;
				CLANG_WARN_OBJC_LITERAL_CONVERSION = YES;
				CLANG_WARN_OBJC_ROOT_CLASS = YES_ERROR;
				CLANG_WARN_RANGE_LOOP_ANALYSIS = YES;
				CLANG_WARN_STRICT_PROTOTYPES = YES;
				CLANG_WARN_SUSPICIOUS_MOVE = YES;
				CLANG_WARN_UNGUARDED_AVAILABILITY = YES_AGGRESSIVE;
				CLANG_WARN_UNREACHABLE_CODE = YES;
				CLANG_WARN__DUPLICATE_METHOD_MATCH = YES;
				CODE_SIGN_IDENTITY = "iPhone Developer";
				COPY_PHASE_STRIP = NO;
				DEBUG_INFORMATION_FORMAT = "dwarf-with-dsym";
				ENABLE_NS_ASSERTIONS = NO;
				ENABLE_STRICT_OBJC_MSGSEND = YES;
				GCC_C_LANGUAGE_STANDARD = gnu11;
				GCC_NO_COMMON_BLOCKS = YES;
				GCC_WARN_64_TO_32_BIT_CONVERSION = YES;
				GCC_WARN_ABOUT_RETURN_TYPE = YES_ERROR;
				GCC_WARN_UNDECLARED_SELECTOR = YES;
				GCC_WARN_UNINITIALIZED_AUTOS = YES_AGGRESSIVE;
				GCC_WARN_UNUSED_FUNCTION = YES;
				GCC_WARN_UNUSED_VARIABLE = YES;
				IPHONEOS_DEPLOYMENT_TARGET = 11.4;
				MTL_ENABLE_DEBUG_INFO = NO;
				SDKROOT = iphoneos;
				SWIFT_COMPILATION_MODE = wholemodule;
				SWIFT_OPTIMIZATION_LEVEL = "-O";
				VALIDATE_PRODUCT = YES;
			};
			name = Release;
		};
		34FF4912214266D20043EF1B /* Debug */ = {
			isa = XCBuildConfiguration;
			baseConfigurationReference = 8108C77201ECB1DC63FA09D7 /* Pods-GamePicker.debug.xcconfig */;
			buildSettings = {
				ASSETCATALOG_COMPILER_APPICON_NAME = AppIcon;
				CLANG_ENABLE_MODULES = YES;
				CODE_SIGN_ENTITLEMENTS = GamePicker/GamePicker.entitlements;
				CODE_SIGN_IDENTITY = "iPhone Developer";
				CODE_SIGN_STYLE = Automatic;
				DEVELOPMENT_TEAM = Z5N3C87Q5Q;
				INFOPLIST_FILE = GamePicker/Info.plist;
				IPHONEOS_DEPLOYMENT_TARGET = 12.1;
				LD_RUNPATH_SEARCH_PATHS = (
					"$(inherited)",
					"@executable_path/Frameworks",
				);
				PRODUCT_BUNDLE_IDENTIFIER = GP.GamePicker.jhm;
				PRODUCT_NAME = "$(TARGET_NAME)";
				PROVISIONING_PROFILE_SPECIFIER = "";
				SWIFT_OPTIMIZATION_LEVEL = "-Onone";
				SWIFT_VERSION = 4.2;
				TARGETED_DEVICE_FAMILY = 1;
			};
			name = Debug;
		};
		34FF4913214266D20043EF1B /* Release */ = {
			isa = XCBuildConfiguration;
			baseConfigurationReference = 1672F286A82ED2EE47319908 /* Pods-GamePicker.release.xcconfig */;
			buildSettings = {
				ASSETCATALOG_COMPILER_APPICON_NAME = AppIcon;
				CLANG_ENABLE_MODULES = YES;
				CODE_SIGN_ENTITLEMENTS = GamePicker/GamePicker.entitlements;
				CODE_SIGN_IDENTITY = "iPhone Developer";
				CODE_SIGN_STYLE = Automatic;
				DEVELOPMENT_TEAM = Z5N3C87Q5Q;
				INFOPLIST_FILE = GamePicker/Info.plist;
				IPHONEOS_DEPLOYMENT_TARGET = 12.1;
				LD_RUNPATH_SEARCH_PATHS = (
					"$(inherited)",
					"@executable_path/Frameworks",
				);
				PRODUCT_BUNDLE_IDENTIFIER = GP.GamePicker.jhm;
				PRODUCT_NAME = "$(TARGET_NAME)";
				PROVISIONING_PROFILE_SPECIFIER = "";
				SWIFT_VERSION = 4.2;
				TARGETED_DEVICE_FAMILY = 1;
			};
			name = Release;
		};
/* End XCBuildConfiguration section */

/* Begin XCConfigurationList section */
		34FF48FA214266D20043EF1B /* Build configuration list for PBXProject "GamePicker" */ = {
			isa = XCConfigurationList;
			buildConfigurations = (
				34FF490F214266D20043EF1B /* Debug */,
				34FF4910214266D20043EF1B /* Release */,
			);
			defaultConfigurationIsVisible = 0;
			defaultConfigurationName = Release;
		};
		34FF4911214266D20043EF1B /* Build configuration list for PBXNativeTarget "GamePicker" */ = {
			isa = XCConfigurationList;
			buildConfigurations = (
				34FF4912214266D20043EF1B /* Debug */,
				34FF4913214266D20043EF1B /* Release */,
			);
			defaultConfigurationIsVisible = 0;
			defaultConfigurationName = Release;
		};
/* End XCConfigurationList section */
	};
	rootObject = 34FF48F7214266D20043EF1B /* Project object */;
}
